<Solution>
  <Folder Name="/Docs/">
    <File Path="docs/AUID.md" />
    <File Path="docs/Auth.md" />
    <File Path="docs/Blob.md" />
    <File Path="docs/Bus.md" />
    <File Path="docs/Cache.md" />
    <File Path="docs/Clients.md" />
    <File Path="docs/Cron.md" />
    <File Path="docs/Guards.md" />
    <File Path="docs/Log.md" />
    <File Path="docs/Sql.md" />
    <File Path="docs/theAutomation.md" />
    <File Path="docs/theDesign.md" />
    <File Path="docs/theQuality.md" />
  </Folder>
  <Folder Name="/SampleApps/" />
  <Folder Name="/SampleApps/DreamTravel/">
    <File Path="sample-tale-code-apps/DreamTravel/README.md" />
    <File Path="sample-tale-code-apps/DreamTravel/Directory.Build.props" />
  </Folder>
  <Folder Name="/SampleApps/DreamTravel/devOps/">
    <File Path="sample-tale-code-apps/DreamTravel/devOps/pipelines/build&amp;test.yml" />
    <File Path="sample-tale-code-apps/DreamTravel/devOps/pipelines/deploy.yml" />
    <File Path="sample-tale-code-apps/DreamTravel/devOps/pipelines/e2etests.yml" />
  </Folder>
  <Folder Name="/SampleApps/DreamTravel/src/">
    <Project Path="sample-tale-code-apps/DreamTravel/src/DreamTravel.Aspire/DreamTravel.Aspire.csproj" />
    <Project Path="sample-tale-code-apps/DreamTravel/src/DreamTravel.Domain/DreamTravel.Domain.csproj" />
  </Folder>
  <Folder Name="/SampleApps/DreamTravel/src/DataLayer/">
    <Project Path="sample-tale-code-apps/DreamTravel/src/DataLayer/DreamTravel.GraphDatabase/DreamTravel.GraphDatabase.csproj" />
    <Project Path="sample-tale-code-apps/DreamTravel/src/DataLayer/DreamTravel.GeolocationDataClients/DreamTravel.GeolocationDataClients.csproj" />
    <Project Path="sample-tale-code-apps/DreamTravel/src/DataLayer/DreamTravel.Sql/DreamTravel.Sql.csproj" />
  </Folder>
  <Folder Name="/SampleApps/DreamTravel/src/Infrastructure/">
    <Project Path="sample-tale-code-apps/DreamTravel/src/Infrastructure/DreamTravel.Infrastructure/DreamTravel.Infrastructure.csproj" />
    <Project Path="sample-tale-code-apps/DreamTravel/src/Infrastructure/DreamTravelDatabase/DreamTravelDatabase.csproj" />
  </Folder>
  <Folder Name="/SampleApps/DreamTravel/src/LogicLayer/">
    <Project Path="sample-tale-code-apps/DreamTravel/src/LogicLayer/DreamTravel.DomainServices/DreamTravel.DomainServices.csproj" />
    <Project Path="sample-tale-code-apps/DreamTravel/src/LogicLayer/DreamTravel.Flows/DreamTravel.Flows.csproj" />
    <Project Path="sample-tale-code-apps/DreamTravel/src/LogicLayer/DreamTravel.Commands/DreamTravel.Commands.csproj" />
    <Project Path="sample-tale-code-apps/DreamTravel/src/LogicLayer/DreamTravel.Queries/DreamTravel.Queries.csproj" />
    <Project Path="sample-tale-code-apps/DreamTravel/src/LogicLayer/DreamTravel.TravelingSalesmanProblem/DreamTravel.TravelingSalesmanProblem.csproj" />
  </Folder>
  <Folder Name="/SampleApps/DreamTravel/src/Presentation/">
    <Project Path="sample-tale-code-apps/DreamTravel/src/Presentation/DreamTravel.Api/DreamTravel.Api.csproj" />
    <Project Path="sample-tale-code-apps/DreamTravel/src/Presentation/DreamTravel.ServiceDefaults/DreamTravel.ServiceDefaults.csproj" />
    <Project Path="sample-tale-code-apps/DreamTravel/src/Presentation/DreamTravel.Ui/DreamTravel.Ui.csproj" />
    <Project Path="sample-tale-code-apps/DreamTravel/src/Presentation/DreamTravel.Worker/DreamTravel.Worker.csproj" />
  </Folder>
  <Folder Name="/SampleApps/DreamTravel/tests/">
    <Project Path="sample-tale-code-apps/DreamTravel/tests/Component/DreamTravel.Component.Tests.csproj" />
    <Project Path="sample-tale-code-apps/DreamTravel/tests/EndToEnd/DreamTravel.E2E.Tests.csproj" />
  </Folder>
  <Folder Name="/SampleApps/DreamTravel/tests/Unit/">
    <Project Path="sample-tale-code-apps/DreamTravel/tests/Unit/DreamTravel.Commands.UnitTests/DreamTravel.Commands.UnitTests.csproj" />
    <Project Path="sample-tale-code-apps/DreamTravel/tests/Unit/DreamTravel.Queries.UnitTests/DreamTravel.Queries.UnitTests.csproj" />
    <Project Path="sample-tale-code-apps/DreamTravel/tests/Unit/DreamTravel.GeolocationDataClients.IntegrationTests/DreamTravel.GeolocationDataClients.IntegrationTests.csproj" />
    <Project Path="sample-tale-code-apps/DreamTravel/tests/Unit/DreamTravel.TravelingSalesmanProblem.UnitTests/DreamTravel.TravelingSalesmanProblem.UnitTests.csproj" />
    <Project Path="sample-tale-code-apps/DreamTravel/tests/Unit/DreamTravel.Ui.UnitTests/DreamTravel.Ui.UnitTests.csproj" />
  </Folder>
  <Folder Name="/Solution Items/">
    <File Path="README.md" />
    <File Path="CLAUDE.md" />
    <File Path="global.json" />
    <File Path=".gitignore" />
  </Folder>
  <Folder Name="/.github/">
    <File Path=".github/runTests.ps1" />
    <Folder Name="/workflows/">
      <File Path=".github/workflows/publishPackages.yml" />
    </Folder>
  </Folder>
  <Folder Name="/Tests/">
    <Project Path="tests/SolTechnology.Core.ApiClient.Tests/SolTechnology.Core.ApiClient.Tests.csproj" />
    <Project Path="tests/SolTechnology.Core.AUID.Tests/SolTechnology.Core.AUID.Tests.csproj" />
    <Project Path="tests/SolTechnology.Core.Guards.Tests/SolTechnology.Core.Guards.Tests.csproj" />
    <Project Path="tests/SolTechnology.Core.Sql.Tests/SolTechnology.Core.Sql.Tests.csproj" />
    <Project Path="tests/SolTechnology.Core.Story.Tests/SolTechnology.Core.Story.Tests.csproj" />
  </Folder>
  <Folder Name="/src/">
    <File Path="src/Directory.Build.props" />
    <Project Path="src/SolTechnology.Core.Api/SolTechnology.Core.Api.csproj" />
    <Project Path="src/SolTechnology.Core.ApiClient/SolTechnology.Core.ApiClient.csproj" />
    <Project Path="src/SolTechnology.Core.AUID/SolTechnology.Core.AUID.csproj" />
    <Project Path="src/SolTechnology.Core.Authentication/SolTechnology.Core.Authentication.csproj" />
    <Project Path="src/SolTechnology.Core.BlobStorage/SolTechnology.Core.BlobStorage.csproj" />
    <Project Path="src/SolTechnology.Core.Cache/SolTechnology.Core.Cache.csproj" />
    <Project Path="src/SolTechnology.Core.CQRS/SolTechnology.Core.CQRS.csproj" />
    <Project Path="src/SolTechnology.Core.Faker/SolTechnology.Core.Faker.csproj" />
    <Project Path="src/SolTechnology.Core.Story/SolTechnology.Core.Story.csproj" />
    <Project Path="src/SolTechnology.Core.Guards/SolTechnology.Core.Guards.csproj" />
    <Project Path="src/SolTechnology.Core.Logging/SolTechnology.Core.Logging.csproj" />
    <Project Path="src/SolTechnology.Core.MessageBus/SolTechnology.Core.MessageBus.csproj" />
    <Project Path="src/SolTechnology.Core.Scheduler/SolTechnology.Core.Scheduler.csproj" />
    <Project Path="src/SolTechnology.Core.Sql/SolTechnology.Core.Sql.csproj" />
  </Folder>
</Solution>
