
Microsoft Visual Studio Solution File, Format Version 12.00
# Visual Studio Version 17
VisualStudioVersion = 17.2.32630.192
MinimumVisualStudioVersion = 10.0.40219.1
Project("{2150E333-8FDC-42A3-9474-1A3956D46DE8}") = "DataLayer", "DataLayer", "{B2587745-8654-42FC-A2A2-6D054FDF2173}"
EndProject
Project("{2150E333-8FDC-42A3-9474-1A3956D46DE8}") = "PresentationLayer", "PresentationLayer", "{671C7D7D-4079-44D1-AEF8-ACCC9A6186B8}"
EndProject
Project("{2150E333-8FDC-42A3-9474-1A3956D46DE8}") = "LogicLayer", "LogicLayer", "{C3AD01F3-75DE-44BB-8FE5-17E1683D7872}"
EndProject
Project("{2150E333-8FDC-42A3-9474-1A3956D46DE8}") = "Infrastructure", "Infrastructure", "{7B52E9B7-B21A-4543-86A2-DF0495F48233}"
EndProject
Project("{2150E333-8FDC-42A3-9474-1A3956D46DE8}") = "Hosts", "Hosts", "{F54ECA14-2BA1-4F91-B851-4648A06E4F44}"
EndProject
Project("{2150E333-8FDC-42A3-9474-1A3956D46DE8}") = "Applications", "Applications", "{F1A14E3F-6150-4F96-BD1F-4A7A36BABA7C}"
EndProject
Project("{2150E333-8FDC-42A3-9474-1A3956D46DE8}") = "DreamTrips", "DreamTrips", "{33CE6495-5087-45A8-9291-09E84EECAAC6}"
EndProject
Project("{2150E333-8FDC-42A3-9474-1A3956D46DE8}") = "Identity", "Identity", "{DD4F5BD5-3DE6-45A4-8DE8-1432F945B06A}"
EndProject
Project("{2150E333-8FDC-42A3-9474-1A3956D46DE8}") = "PresentationLayer", "PresentationLayer", "{BC6267EC-22B4-4D73-B900-F945A4BFA1CC}"
EndProject
Project("{2150E333-8FDC-42A3-9474-1A3956D46DE8}") = "LogicLayer", "LogicLayer", "{C371180C-7FA0-4562-89E7-06E19F519350}"
EndProject
Project("{2150E333-8FDC-42A3-9474-1A3956D46DE8}") = "DataLayer", "DataLayer", "{EE877BE5-5737-496E-9A3D-B49BAECA5A50}"
EndProject
Project("{2150E333-8FDC-42A3-9474-1A3956D46DE8}") = "src", "src", "{765B2E79-4766-41B3-959D-AAC631E7E2D8}"
EndProject
Project("{2150E333-8FDC-42A3-9474-1A3956D46DE8}") = "tests", "tests", "{10DF7AC4-C2CF-4697-B653-B674FA8D73C8}"
EndProject
Project("{2150E333-8FDC-42A3-9474-1A3956D46DE8}") = "Applications", "Applications", "{9AB6E4F2-8431-41A1-B507-CE9FC8CF3422}"
EndProject
Project("{2150E333-8FDC-42A3-9474-1A3956D46DE8}") = "Hosts", "Hosts", "{FD26BDEA-BF37-46D7-A08D-9CD95EE17122}"
EndProject
Project("{2150E333-8FDC-42A3-9474-1A3956D46DE8}") = "Infrastructure", "Infrastructure", "{92B0DE18-C4E6-49AE-A7E5-8D1D5E3BC0F5}"
EndProject
Project("{9A19103F-16F7-4668-BE54-9A1E7A4F7556}") = "ApiTests", "tests\Hosts\ApiTests\ApiTests.csproj", "{6ACDC201-EF07-4BD4-A4BA-5045218E2020}"
EndProject
Project("{9A19103F-16F7-4668-BE54-9A1E7A4F7556}") = "FunctionalTests", "tests\Hosts\FunctionalTests\FunctionalTests.csproj", "{75C456EE-A38E-47DF-B70E-09338636BAAC}"
EndProject
Project("{9A19103F-16F7-4668-BE54-9A1E7A4F7556}") = "FeaturesTests", "tests\Applications\DreamTrips\FeaturesTests\FeaturesTests.csproj", "{5FFEBDE5-AA97-4F27-9C2E-85E531BEE6AA}"
EndProject
Project("{9A19103F-16F7-4668-BE54-9A1E7A4F7556}") = "ClientsTests", "tests\Applications\DreamTrips\GeolocationDataTests\ClientsTests.csproj", "{4542F5A9-2A07-4DE4-8E5A-871C842EC2C5}"
EndProject
Project("{9A19103F-16F7-4668-BE54-9A1E7A4F7556}") = "TravelingSalesmanProblemTests", "tests\Applications\DreamTrips\TravelingSalesmanProblemTests\TravelingSalesmanProblemTests.csproj", "{4A5B5B8E-555F-4B20-AA47-90F23259512D}"
EndProject
Project("{2150E333-8FDC-42A3-9474-1A3956D46DE8}") = "DreamTrips", "DreamTrips", "{1638E9FF-8952-484A-899F-BF6166233D08}"
EndProject
Project("{2150E333-8FDC-42A3-9474-1A3956D46DE8}") = "Identity", "Identity", "{B43EC701-4965-4289-A7FC-E33C81A05A10}"
EndProject
Project("{9A19103F-16F7-4668-BE54-9A1E7A4F7556}") = "CryptographyTests", "tests\Applications\Identity\CryptographyTests\CryptographyTests.csproj", "{9DBE2D36-B491-42F4-871B-A820630042A2}"
EndProject
Project("{9A19103F-16F7-4668-BE54-9A1E7A4F7556}") = "DatabaseDataTests", "tests\Applications\Identity\DatabaseDataTests\DatabaseDataTests.csproj", "{1BD9FC59-4161-4EE0-AE81-270E355CBEE4}"
EndProject
Project("{9A19103F-16F7-4668-BE54-9A1E7A4F7556}") = "DomainTests", "tests\Applications\Identity\DomainTests\DomainTests.csproj", "{CEB43119-7A8A-416B-8DF4-A4119715EAC5}"
EndProject
Project("{9A19103F-16F7-4668-BE54-9A1E7A4F7556}") = "Infrastructure", "src\Infrastructure\Infrastructure\Infrastructure.csproj", "{AA68D050-9237-4F5D-982E-4810D7BC6932}"
EndProject
Project("{9A19103F-16F7-4668-BE54-9A1E7A4F7556}") = "DreamTravelDatabase", "src\Infrastructure\DreamTravelDatabase\DreamTravelDatabase.csproj", "{53D7C971-E1CC-4A4C-B9A6-387162DBE49A}"
EndProject
Project("{9A19103F-16F7-4668-BE54-9A1E7A4F7556}") = "Clients", "src\Applications\DreamTrips\DataLayer\GeolocationData\Clients.csproj", "{95A237F6-0FA2-4396-9603-CC8D48928F5C}"
EndProject
Project("{9A19103F-16F7-4668-BE54-9A1E7A4F7556}") = "DreamTrips", "src\Applications\DreamTrips\LogicLayer\DreamTrips\DreamTrips.csproj", "{112CE31A-CF33-44D8-AE5F-1467E28B5A4D}"
EndProject
Project("{9A19103F-16F7-4668-BE54-9A1E7A4F7556}") = "TravelingSalesmanProblem", "src\Applications\DreamTrips\LogicLayer\TravelingSalesmanProblem\TravelingSalesmanProblem.csproj", "{D6D1DC8D-490B-4211-A876-7B7C29AC30F8}"
EndProject
Project("{9A19103F-16F7-4668-BE54-9A1E7A4F7556}") = "Api", "src\Hosts\Api\Api.csproj", "{33577C31-6294-4DE4-9B44-A54EED87612D}"
EndProject
Project("{9A19103F-16F7-4668-BE54-9A1E7A4F7556}") = "Bot", "src\Hosts\Bot\Bot.csproj", "{DBEA6900-3522-4B82-8612-FB4A7ABDAEEC}"
EndProject
Project("{9A19103F-16F7-4668-BE54-9A1E7A4F7556}") = "DatabaseData", "src\Applications\Identity\DataLayer\DatabaseData\DatabaseData.csproj", "{1759CE5C-DCEF-4515-A0AE-21860BF0099F}"
EndProject
Project("{9A19103F-16F7-4668-BE54-9A1E7A4F7556}") = "Cryptography", "src\Applications\Identity\LogicLayer\Cryptography\Cryptography.csproj", "{B2AA88FE-7257-4BA5-B503-8BC629F51EB0}"
EndProject
Project("{9A19103F-16F7-4668-BE54-9A1E7A4F7556}") = "Identity", "src\Applications\Identity\LogicLayer\Identity\Identity.csproj", "{C6776FE2-072F-484E-A45E-9C3C32848D54}"
EndProject
Project("{9A19103F-16F7-4668-BE54-9A1E7A4F7556}") = "Domain", "src\Applications\Identity\Domain\Domain.csproj", "{7FCBADD0-F762-44A0-95FB-2DA8C28A7ABB}"
EndProject
Global
	GlobalSection(SolutionConfigurationPlatforms) = preSolution
		Debug|Any CPU = Debug|Any CPU
		Release|Any CPU = Release|Any CPU
	EndGlobalSection
	GlobalSection(ProjectConfigurationPlatforms) = postSolution
		{6ACDC201-EF07-4BD4-A4BA-5045218E2020}.Debug|Any CPU.ActiveCfg = Debug|Any CPU
		{6ACDC201-EF07-4BD4-A4BA-5045218E2020}.Debug|Any CPU.Build.0 = Debug|Any CPU
		{6ACDC201-EF07-4BD4-A4BA-5045218E2020}.Release|Any CPU.ActiveCfg = Release|Any CPU
		{6ACDC201-EF07-4BD4-A4BA-5045218E2020}.Release|Any CPU.Build.0 = Release|Any CPU
		{75C456EE-A38E-47DF-B70E-09338636BAAC}.Debug|Any CPU.ActiveCfg = Debug|Any CPU
		{75C456EE-A38E-47DF-B70E-09338636BAAC}.Debug|Any CPU.Build.0 = Debug|Any CPU
		{75C456EE-A38E-47DF-B70E-09338636BAAC}.Release|Any CPU.ActiveCfg = Release|Any CPU
		{75C456EE-A38E-47DF-B70E-09338636BAAC}.Release|Any CPU.Build.0 = Release|Any CPU
		{5FFEBDE5-AA97-4F27-9C2E-85E531BEE6AA}.Debug|Any CPU.ActiveCfg = Debug|Any CPU
		{5FFEBDE5-AA97-4F27-9C2E-85E531BEE6AA}.Debug|Any CPU.Build.0 = Debug|Any CPU
		{5FFEBDE5-AA97-4F27-9C2E-85E531BEE6AA}.Release|Any CPU.ActiveCfg = Release|Any CPU
		{5FFEBDE5-AA97-4F27-9C2E-85E531BEE6AA}.Release|Any CPU.Build.0 = Release|Any CPU
		{4542F5A9-2A07-4DE4-8E5A-871C842EC2C5}.Debug|Any CPU.ActiveCfg = Debug|Any CPU
		{4542F5A9-2A07-4DE4-8E5A-871C842EC2C5}.Debug|Any CPU.Build.0 = Debug|Any CPU
		{4542F5A9-2A07-4DE4-8E5A-871C842EC2C5}.Release|Any CPU.ActiveCfg = Release|Any CPU
		{4542F5A9-2A07-4DE4-8E5A-871C842EC2C5}.Release|Any CPU.Build.0 = Release|Any CPU
		{4A5B5B8E-555F-4B20-AA47-90F23259512D}.Debug|Any CPU.ActiveCfg = Debug|Any CPU
		{4A5B5B8E-555F-4B20-AA47-90F23259512D}.Debug|Any CPU.Build.0 = Debug|Any CPU
		{4A5B5B8E-555F-4B20-AA47-90F23259512D}.Release|Any CPU.ActiveCfg = Release|Any CPU
		{4A5B5B8E-555F-4B20-AA47-90F23259512D}.Release|Any CPU.Build.0 = Release|Any CPU
		{9DBE2D36-B491-42F4-871B-A820630042A2}.Debug|Any CPU.ActiveCfg = Debug|Any CPU
		{9DBE2D36-B491-42F4-871B-A820630042A2}.Debug|Any CPU.Build.0 = Debug|Any CPU
		{9DBE2D36-B491-42F4-871B-A820630042A2}.Release|Any CPU.ActiveCfg = Release|Any CPU
		{9DBE2D36-B491-42F4-871B-A820630042A2}.Release|Any CPU.Build.0 = Release|Any CPU
		{1BD9FC59-4161-4EE0-AE81-270E355CBEE4}.Debug|Any CPU.ActiveCfg = Debug|Any CPU
		{1BD9FC59-4161-4EE0-AE81-270E355CBEE4}.Debug|Any CPU.Build.0 = Debug|Any CPU
		{1BD9FC59-4161-4EE0-AE81-270E355CBEE4}.Release|Any CPU.ActiveCfg = Release|Any CPU
		{1BD9FC59-4161-4EE0-AE81-270E355CBEE4}.Release|Any CPU.Build.0 = Release|Any CPU
		{CEB43119-7A8A-416B-8DF4-A4119715EAC5}.Debug|Any CPU.ActiveCfg = Debug|Any CPU
		{CEB43119-7A8A-416B-8DF4-A4119715EAC5}.Debug|Any CPU.Build.0 = Debug|Any CPU
		{CEB43119-7A8A-416B-8DF4-A4119715EAC5}.Release|Any CPU.ActiveCfg = Release|Any CPU
		{CEB43119-7A8A-416B-8DF4-A4119715EAC5}.Release|Any CPU.Build.0 = Release|Any CPU
		{AA68D050-9237-4F5D-982E-4810D7BC6932}.Debug|Any CPU.ActiveCfg = Debug|Any CPU
		{AA68D050-9237-4F5D-982E-4810D7BC6932}.Debug|Any CPU.Build.0 = Debug|Any CPU
		{AA68D050-9237-4F5D-982E-4810D7BC6932}.Release|Any CPU.ActiveCfg = Release|Any CPU
		{AA68D050-9237-4F5D-982E-4810D7BC6932}.Release|Any CPU.Build.0 = Release|Any CPU
		{53D7C971-E1CC-4A4C-B9A6-387162DBE49A}.Debug|Any CPU.ActiveCfg = Debug|Any CPU
		{53D7C971-E1CC-4A4C-B9A6-387162DBE49A}.Debug|Any CPU.Build.0 = Debug|Any CPU
		{53D7C971-E1CC-4A4C-B9A6-387162DBE49A}.Release|Any CPU.ActiveCfg = Release|Any CPU
		{53D7C971-E1CC-4A4C-B9A6-387162DBE49A}.Release|Any CPU.Build.0 = Release|Any CPU
		{95A237F6-0FA2-4396-9603-CC8D48928F5C}.Debug|Any CPU.ActiveCfg = Debug|Any CPU
		{95A237F6-0FA2-4396-9603-CC8D48928F5C}.Debug|Any CPU.Build.0 = Debug|Any CPU
		{95A237F6-0FA2-4396-9603-CC8D48928F5C}.Release|Any CPU.ActiveCfg = Release|Any CPU
		{95A237F6-0FA2-4396-9603-CC8D48928F5C}.Release|Any CPU.Build.0 = Release|Any CPU
		{112CE31A-CF33-44D8-AE5F-1467E28B5A4D}.Debug|Any CPU.ActiveCfg = Debug|Any CPU
		{112CE31A-CF33-44D8-AE5F-1467E28B5A4D}.Debug|Any CPU.Build.0 = Debug|Any CPU
		{112CE31A-CF33-44D8-AE5F-1467E28B5A4D}.Release|Any CPU.ActiveCfg = Release|Any CPU
		{112CE31A-CF33-44D8-AE5F-1467E28B5A4D}.Release|Any CPU.Build.0 = Release|Any CPU
		{D6D1DC8D-490B-4211-A876-7B7C29AC30F8}.Debug|Any CPU.ActiveCfg = Debug|Any CPU
		{D6D1DC8D-490B-4211-A876-7B7C29AC30F8}.Debug|Any CPU.Build.0 = Debug|Any CPU
		{D6D1DC8D-490B-4211-A876-7B7C29AC30F8}.Release|Any CPU.ActiveCfg = Release|Any CPU
		{D6D1DC8D-490B-4211-A876-7B7C29AC30F8}.Release|Any CPU.Build.0 = Release|Any CPU
		{33577C31-6294-4DE4-9B44-A54EED87612D}.Debug|Any CPU.ActiveCfg = Debug|Any CPU
		{33577C31-6294-4DE4-9B44-A54EED87612D}.Debug|Any CPU.Build.0 = Debug|Any CPU
		{33577C31-6294-4DE4-9B44-A54EED87612D}.Release|Any CPU.ActiveCfg = Release|Any CPU
		{33577C31-6294-4DE4-9B44-A54EED87612D}.Release|Any CPU.Build.0 = Release|Any CPU
		{DBEA6900-3522-4B82-8612-FB4A7ABDAEEC}.Debug|Any CPU.ActiveCfg = Debug|Any CPU
		{DBEA6900-3522-4B82-8612-FB4A7ABDAEEC}.Debug|Any CPU.Build.0 = Debug|Any CPU
		{DBEA6900-3522-4B82-8612-FB4A7ABDAEEC}.Release|Any CPU.ActiveCfg = Release|Any CPU
		{DBEA6900-3522-4B82-8612-FB4A7ABDAEEC}.Release|Any CPU.Build.0 = Release|Any CPU
		{1759CE5C-DCEF-4515-A0AE-21860BF0099F}.Debug|Any CPU.ActiveCfg = Debug|Any CPU
		{1759CE5C-DCEF-4515-A0AE-21860BF0099F}.Debug|Any CPU.Build.0 = Debug|Any CPU
		{1759CE5C-DCEF-4515-A0AE-21860BF0099F}.Release|Any CPU.ActiveCfg = Release|Any CPU
		{1759CE5C-DCEF-4515-A0AE-21860BF0099F}.Release|Any CPU.Build.0 = Release|Any CPU
		{B2AA88FE-7257-4BA5-B503-8BC629F51EB0}.Debug|Any CPU.ActiveCfg = Debug|Any CPU
		{B2AA88FE-7257-4BA5-B503-8BC629F51EB0}.Debug|Any CPU.Build.0 = Debug|Any CPU
		{B2AA88FE-7257-4BA5-B503-8BC629F51EB0}.Release|Any CPU.ActiveCfg = Release|Any CPU
		{B2AA88FE-7257-4BA5-B503-8BC629F51EB0}.Release|Any CPU.Build.0 = Release|Any CPU
		{C6776FE2-072F-484E-A45E-9C3C32848D54}.Debug|Any CPU.ActiveCfg = Debug|Any CPU
		{C6776FE2-072F-484E-A45E-9C3C32848D54}.Debug|Any CPU.Build.0 = Debug|Any CPU
		{C6776FE2-072F-484E-A45E-9C3C32848D54}.Release|Any CPU.ActiveCfg = Release|Any CPU
		{C6776FE2-072F-484E-A45E-9C3C32848D54}.Release|Any CPU.Build.0 = Release|Any CPU
		{7FCBADD0-F762-44A0-95FB-2DA8C28A7ABB}.Debug|Any CPU.ActiveCfg = Debug|Any CPU
		{7FCBADD0-F762-44A0-95FB-2DA8C28A7ABB}.Debug|Any CPU.Build.0 = Debug|Any CPU
		{7FCBADD0-F762-44A0-95FB-2DA8C28A7ABB}.Release|Any CPU.ActiveCfg = Release|Any CPU
		{7FCBADD0-F762-44A0-95FB-2DA8C28A7ABB}.Release|Any CPU.Build.0 = Release|Any CPU
	EndGlobalSection
	GlobalSection(SolutionProperties) = preSolution
		HideSolutionNode = FALSE
	EndGlobalSection
	GlobalSection(NestedProjects) = preSolution
		{B2587745-8654-42FC-A2A2-6D054FDF2173} = {33CE6495-5087-45A8-9291-09E84EECAAC6}
		{671C7D7D-4079-44D1-AEF8-ACCC9A6186B8} = {33CE6495-5087-45A8-9291-09E84EECAAC6}
		{C3AD01F3-75DE-44BB-8FE5-17E1683D7872} = {33CE6495-5087-45A8-9291-09E84EECAAC6}
		{7B52E9B7-B21A-4543-86A2-DF0495F48233} = {765B2E79-4766-41B3-959D-AAC631E7E2D8}
		{F54ECA14-2BA1-4F91-B851-4648A06E4F44} = {765B2E79-4766-41B3-959D-AAC631E7E2D8}
		{F1A14E3F-6150-4F96-BD1F-4A7A36BABA7C} = {765B2E79-4766-41B3-959D-AAC631E7E2D8}
		{33CE6495-5087-45A8-9291-09E84EECAAC6} = {F1A14E3F-6150-4F96-BD1F-4A7A36BABA7C}
		{DD4F5BD5-3DE6-45A4-8DE8-1432F945B06A} = {F1A14E3F-6150-4F96-BD1F-4A7A36BABA7C}
		{BC6267EC-22B4-4D73-B900-F945A4BFA1CC} = {DD4F5BD5-3DE6-45A4-8DE8-1432F945B06A}
		{C371180C-7FA0-4562-89E7-06E19F519350} = {DD4F5BD5-3DE6-45A4-8DE8-1432F945B06A}
		{EE877BE5-5737-496E-9A3D-B49BAECA5A50} = {DD4F5BD5-3DE6-45A4-8DE8-1432F945B06A}
		{9AB6E4F2-8431-41A1-B507-CE9FC8CF3422} = {10DF7AC4-C2CF-4697-B653-B674FA8D73C8}
		{FD26BDEA-BF37-46D7-A08D-9CD95EE17122} = {10DF7AC4-C2CF-4697-B653-B674FA8D73C8}
		{92B0DE18-C4E6-49AE-A7E5-8D1D5E3BC0F5} = {10DF7AC4-C2CF-4697-B653-B674FA8D73C8}
		{6ACDC201-EF07-4BD4-A4BA-5045218E2020} = {FD26BDEA-BF37-46D7-A08D-9CD95EE17122}
		{75C456EE-A38E-47DF-B70E-09338636BAAC} = {10DF7AC4-C2CF-4697-B653-B674FA8D73C8}
		{5FFEBDE5-AA97-4F27-9C2E-85E531BEE6AA} = {1638E9FF-8952-484A-899F-BF6166233D08}
		{4542F5A9-2A07-4DE4-8E5A-871C842EC2C5} = {1638E9FF-8952-484A-899F-BF6166233D08}
		{4A5B5B8E-555F-4B20-AA47-90F23259512D} = {1638E9FF-8952-484A-899F-BF6166233D08}
		{1638E9FF-8952-484A-899F-BF6166233D08} = {9AB6E4F2-8431-41A1-B507-CE9FC8CF3422}
		{B43EC701-4965-4289-A7FC-E33C81A05A10} = {9AB6E4F2-8431-41A1-B507-CE9FC8CF3422}
		{9DBE2D36-B491-42F4-871B-A820630042A2} = {B43EC701-4965-4289-A7FC-E33C81A05A10}
		{1BD9FC59-4161-4EE0-AE81-270E355CBEE4} = {B43EC701-4965-4289-A7FC-E33C81A05A10}
		{CEB43119-7A8A-416B-8DF4-A4119715EAC5} = {B43EC701-4965-4289-A7FC-E33C81A05A10}
		{AA68D050-9237-4F5D-982E-4810D7BC6932} = {7B52E9B7-B21A-4543-86A2-DF0495F48233}
		{53D7C971-E1CC-4A4C-B9A6-387162DBE49A} = {7B52E9B7-B21A-4543-86A2-DF0495F48233}
		{95A237F6-0FA2-4396-9603-CC8D48928F5C} = {B2587745-8654-42FC-A2A2-6D054FDF2173}
		{112CE31A-CF33-44D8-AE5F-1467E28B5A4D} = {C3AD01F3-75DE-44BB-8FE5-17E1683D7872}
		{D6D1DC8D-490B-4211-A876-7B7C29AC30F8} = {C3AD01F3-75DE-44BB-8FE5-17E1683D7872}
		{33577C31-6294-4DE4-9B44-A54EED87612D} = {F54ECA14-2BA1-4F91-B851-4648A06E4F44}
		{DBEA6900-3522-4B82-8612-FB4A7ABDAEEC} = {F54ECA14-2BA1-4F91-B851-4648A06E4F44}
		{1759CE5C-DCEF-4515-A0AE-21860BF0099F} = {EE877BE5-5737-496E-9A3D-B49BAECA5A50}
		{B2AA88FE-7257-4BA5-B503-8BC629F51EB0} = {C371180C-7FA0-4562-89E7-06E19F519350}
		{C6776FE2-072F-484E-A45E-9C3C32848D54} = {C371180C-7FA0-4562-89E7-06E19F519350}
		{7FCBADD0-F762-44A0-95FB-2DA8C28A7ABB} = {DD4F5BD5-3DE6-45A4-8DE8-1432F945B06A}
	EndGlobalSection
	GlobalSection(ExtensibilityGlobals) = postSolution
		SolutionGuid = {00F9DE65-0AAA-464E-9C25-8FC931194B32}
	EndGlobalSection
EndGlobal
