
Microsoft Visual Studio Solution File, Format Version 12.00
# Visual Studio Version 17
VisualStudioVersion = 17.2.32630.192
MinimumVisualStudioVersion = 10.0.40219.1
Project("{9A19103F-16F7-4668-BE54-9A1E7A4F7556}") = "DreamTravel.Api", "src\DreamTravel.Api\DreamTravel.Api.csproj", "{B6E9DD4E-1DEA-4597-9933-7B4EE6803DE1}"
EndProject
Project("{9A19103F-16F7-4668-BE54-9A1E7A4F7556}") = "DreamTravel.Bot", "src\DreamTravel.Bot\DreamTravel.Bot.csproj", "{85B38EC0-B773-4666-83BF-F53E2D231C1A}"
EndProject
Project("{9A19103F-16F7-4668-BE54-9A1E7A4F7556}") = "FunctionalTests", "src\FunctionalTests\FunctionalTests.csproj", "{F131404D-1BDE-4442-B7E1-0B8412B65FFE}"
EndProject
Project("{2150E333-8FDC-42A3-9474-1A3956D46DE8}") = "Trips", "Trips", "{572E779B-BBF5-479A-BCF8-4F42D87B96A6}"
EndProject
Project("{2150E333-8FDC-42A3-9474-1A3956D46DE8}") = "PresentationLayer", "PresentationLayer", "{668FAD46-D0CB-4805-B86E-81A1894D3A23}"
EndProject
Project("{2150E333-8FDC-42A3-9474-1A3956D46DE8}") = "LogicLayer", "LogicLayer", "{E40306CA-EC82-4D37-9254-97C3FFA14769}"
EndProject
Project("{2150E333-8FDC-42A3-9474-1A3956D46DE8}") = "DataLayer", "DataLayer", "{9BEDC352-4309-4AB8-8A06-E6F08A3DF2D9}"
EndProject
Project("{9A19103F-16F7-4668-BE54-9A1E7A4F7556}") = "DreamTravel.Trips.GeolocationDataClients", "src\Trips\DataLayer\DreamTravel.Trips.GeolocationDataClients\DreamTravel.Trips.GeolocationDataClients.csproj", "{24C3C5AE-62EC-4E1D-B3AD-A807D18E3E3F}"
EndProject
Project("{9A19103F-16F7-4668-BE54-9A1E7A4F7556}") = "DreamTravel.Trips.Commands", "src\Trips\LogicLayer\DreamTravel.Trips.Commands\DreamTravel.Trips.Commands.csproj", "{DBD5425E-4369-4BBF-AD65-C77F54487EA9}"
EndProject
Project("{9A19103F-16F7-4668-BE54-9A1E7A4F7556}") = "DreamTravel.Trips.TravelingSalesmanProblem", "src\Trips\LogicLayer\DreamTravel.Trips.TravelingSalesmanProblem\DreamTravel.Trips.TravelingSalesmanProblem.csproj", "{A23BBB70-EF39-43C2-9EE6-9BFD461B4829}"
EndProject
Project("{2150E333-8FDC-42A3-9474-1A3956D46DE8}") = "Tests", "Tests", "{35A72CE7-B87F-4068-BCD8-32667B36F536}"
EndProject
Project("{9A19103F-16F7-4668-BE54-9A1E7A4F7556}") = "DreamTravel.Trips.Commands.UnitTests", "src\Trips\Tests\DreamTravel.Trips.Features.UnitTests\DreamTravel.Trips.Commands.UnitTests.csproj", "{4B520DE8-3977-4131-AF3F-078155B839DE}"
EndProject
Project("{9A19103F-16F7-4668-BE54-9A1E7A4F7556}") = "DreamTravel.Trips.GeolocationDataClients.IntegrationTests", "src\Trips\Tests\DreamTravels.Trips.GeolocationData.IntegrationTests\DreamTravel.Trips.GeolocationDataClients.IntegrationTests.csproj", "{6F63CFD8-BF02-42EB-B2E4-D55D8AB6C9C5}"
EndProject
Project("{9A19103F-16F7-4668-BE54-9A1E7A4F7556}") = "DreamTravel.Trips.TravelingSalesmanProblem.UnitTests", "src\Trips\Tests\DreamTravels.Trips.TravelingSalesmanProblem.UnitTests\DreamTravel.Trips.TravelingSalesmanProblem.UnitTests.csproj", "{33A43C79-3A34-45DD-9169-ED90A74D7956}"
EndProject
Project("{2150E333-8FDC-42A3-9474-1A3956D46DE8}") = "Identity", "Identity", "{C3CAFC14-E522-4B5A-846E-59DD9750B013}"
EndProject
Project("{2150E333-8FDC-42A3-9474-1A3956D46DE8}") = "LogicLayer", "LogicLayer", "{3AAD6529-4898-4F1C-B6DB-52D1337D4C7D}"
EndProject
Project("{2150E333-8FDC-42A3-9474-1A3956D46DE8}") = "PresentationLayer", "PresentationLayer", "{9704D6DB-2991-4DF9-B576-55DD93D99F2D}"
EndProject
Project("{2150E333-8FDC-42A3-9474-1A3956D46DE8}") = "DataLayer", "DataLayer", "{8A91AC96-578A-408A-B8C8-2C2AEC26247C}"
EndProject
Project("{9A19103F-16F7-4668-BE54-9A1E7A4F7556}") = "DreamTravel.Identity.DatabaseData", "src\Identity\DataLayer\DreamTravel.Identity.DatabaseData\DreamTravel.Identity.DatabaseData.csproj", "{63FA4DE7-E002-41F5-8431-A1B4647FBC09}"
EndProject
Project("{9A19103F-16F7-4668-BE54-9A1E7A4F7556}") = "DreamTravel.Identity.Cryptography", "src\Identity\LogicLayer\DreamTravel.Identity.Cryptography\DreamTravel.Identity.Cryptography.csproj", "{7E27E582-68E5-4503-B86C-5F9A8622030A}"
EndProject
Project("{9A19103F-16F7-4668-BE54-9A1E7A4F7556}") = "DreamTravel.Identity.Commands", "src\Identity\LogicLayer\DreamTravel.Identity.Commands\DreamTravel.Identity.Commands.csproj", "{FFA7299F-0BA9-45D4-9B29-F378EF8ADD4A}"
EndProject
Project("{9A19103F-16F7-4668-BE54-9A1E7A4F7556}") = "DreamTravel.Identity.Domain", "src\Identity\DreamTravel.Identity.Domain\DreamTravel.Identity.Domain.csproj", "{201C44FE-E739-464F-B7A3-B205A66434FB}"
EndProject
Project("{2150E333-8FDC-42A3-9474-1A3956D46DE8}") = "Tests", "Tests", "{7941F357-9380-4675-A5F4-0AA950DEBA48}"
EndProject
Project("{9A19103F-16F7-4668-BE54-9A1E7A4F7556}") = "DreamTravel.Identity.DatabaseData.IntegrationTests", "src\Identity\Tests\DreamTravel.Identity.DatabaseData.IntegrationTests\DreamTravel.Identity.DatabaseData.IntegrationTests.csproj", "{6D20804D-410E-448A-9375-F56E97CBFBDD}"
EndProject
Project("{9A19103F-16F7-4668-BE54-9A1E7A4F7556}") = "DreamTravel.Identity.Domain.UnitTests", "src\Identity\Tests\DreamTravel.Identity.Domain.UnitTests\DreamTravel.Identity.Domain.UnitTests.csproj", "{AF44C962-DA3C-42BC-8075-F592527C85F3}"
EndProject
Project("{2150E333-8FDC-42A3-9474-1A3956D46DE8}") = "Infrastructure", "Infrastructure", "{AA021B4E-7738-4B8B-856D-D5DEBC992D9F}"
EndProject
Project("{9A19103F-16F7-4668-BE54-9A1E7A4F7556}") = "DreamTravel.Infrastructure", "src\Infrastructure\DreamTravel.Infrastructure\DreamTravel.Infrastructure.csproj", "{CF9F9975-D6E8-42AA-9FDB-C939559DB80B}"
EndProject
Project("{9A19103F-16F7-4668-BE54-9A1E7A4F7556}") = "DreamTravelDatabase", "src\Infrastructure\DreamTravelDatabase\DreamTravelDatabase.csproj", "{9EFD66EB-23EC-4A26-B9BC-59E277555CA6}"
EndProject
Project("{9A19103F-16F7-4668-BE54-9A1E7A4F7556}") = "DreamTravel.Identity.Cryptography.UnitTests", "src\Identity\Tests\DreamTravel.Identity.Cryptography.UnitTests\DreamTravel.Identity.Cryptography.UnitTests.csproj", "{818CEB54-7F26-4BA4-8BB1-84AC388C81C3}"
EndProject
Project("{9A19103F-16F7-4668-BE54-9A1E7A4F7556}") = "DreamTravel.Trips.Domain", "src\Trips\DreamTravel.Trips.Domain\DreamTravel.Trips.Domain.csproj", "{7C69F220-4F3C-4902-AD68-E4A50C527007}"
EndProject
Project("{9A19103F-16F7-4668-BE54-9A1E7A4F7556}") = "DreamTravel.Trips.Domain.UnitTests", "src\Trips\Tests\DreamTravel.Trips.Domain.UnitTests\DreamTravel.Trips.Domain.UnitTests.csproj", "{B21807F9-8BC7-45CC-AD2D-EAC8F7DC5EFB}"
EndProject
Project("{2150E333-8FDC-42A3-9474-1A3956D46DE8}") = "TestFixtures", "TestFixtures", "{4B5E71B6-91EE-44E5-BAC7-EB1A416CB311}"
EndProject
Project("{9A19103F-16F7-4668-BE54-9A1E7A4F7556}") = "DreamTravel.TestFixture.Api", "src\Infrastructure\TestFixtures\DreamTravel.TestFixture.Api\DreamTravel.TestFixture.Api.csproj", "{5403A65C-8123-4D30-8184-BC9B549605CF}"
EndProject
Project("{9A19103F-16F7-4668-BE54-9A1E7A4F7556}") = "DreamTravel.Trips.Queries", "src\Trips\LogicLayer\DreamTravel.Trips.Queries\DreamTravel.Trips.Queries.csproj", "{375FD792-A787-46B5-AAC3-A078098235B8}"
EndProject
Project("{9A19103F-16F7-4668-BE54-9A1E7A4F7556}") = "DreamTravel.Trips.Queries.UnitTests", "src\Trips\Tests\DreamTravel.Trips.Queries.UnitTests\DreamTravel.Trips.Queries.UnitTests.csproj", "{7377D4C7-4012-4624-874D-B6AB978B1BB1}"
EndProject
Project("{9A19103F-16F7-4668-BE54-9A1E7A4F7556}") = "DreamTravel.Identity.Commands.UnitTests", "src\Identity\Tests\DreamTravel.Identity.Commands.UnitTests\DreamTravel.Identity.Commands.UnitTests.csproj", "{764F1E72-99CE-42C9-8F23-30E295EE4707}"
EndProject
Project("{2150E333-8FDC-42A3-9474-1A3956D46DE8}") = "CoreReferences", "CoreReferences", "{8CADE6B3-4BAE-46C4-AC45-60BE6BBA6124}"
EndProject
Project("{9A19103F-16F7-4668-BE54-9A1E7A4F7556}") = "SolTechnology.Core.Api", "..\..\src\SolTechnology.Core.Api\SolTechnology.Core.Api.csproj", "{EAAA86A1-B345-4325-8F9A-D48BFEB6E99D}"
EndProject
Project("{9A19103F-16F7-4668-BE54-9A1E7A4F7556}") = "SolTechnology.Core.ApiClient", "..\..\src\SolTechnology.Core.ApiClient\SolTechnology.Core.ApiClient.csproj", "{860C078C-3B75-451D-99A7-424063F92B47}"
EndProject
Project("{9A19103F-16F7-4668-BE54-9A1E7A4F7556}") = "SolTechnology.Core.Authentication", "..\..\src\SolTechnology.Core.Authentication\SolTechnology.Core.Authentication.csproj", "{486E3BE2-5028-4DBD-B3D6-231D56808006}"
EndProject
Project("{9A19103F-16F7-4668-BE54-9A1E7A4F7556}") = "SolTechnology.Core.BlobStorage", "..\..\src\SolTechnology.Core.BlobStorage\SolTechnology.Core.BlobStorage.csproj", "{D2796FC0-D4DE-4E89-AA30-1500217888A2}"
EndProject
Project("{9A19103F-16F7-4668-BE54-9A1E7A4F7556}") = "SolTechnology.Core.Cache", "..\..\src\SolTechnology.Core.Cache\SolTechnology.Core.Cache.csproj", "{ACE20D9F-406B-4023-BC40-5FF9F40E2214}"
EndProject
Project("{9A19103F-16F7-4668-BE54-9A1E7A4F7556}") = "SolTechnology.Core.CQRS", "..\..\src\SolTechnology.Core.CQRS\SolTechnology.Core.CQRS.csproj", "{F0122234-0062-495D-81D9-83CBEA92A334}"
EndProject
Project("{9A19103F-16F7-4668-BE54-9A1E7A4F7556}") = "SolTechnology.Core.Guards", "..\..\src\SolTechnology.Core.Guards\SolTechnology.Core.Guards.csproj", "{4A02D330-DC1E-47DB-8781-8C191F5F17D1}"
EndProject
Project("{9A19103F-16F7-4668-BE54-9A1E7A4F7556}") = "SolTechnology.Core.Logging", "..\..\src\SolTechnology.Core.Logging\SolTechnology.Core.Logging.csproj", "{98BA752C-B79E-429A-8CE2-02E8411D6EBA}"
EndProject
Project("{9A19103F-16F7-4668-BE54-9A1E7A4F7556}") = "SolTechnology.Core.MessageBus", "..\..\src\SolTechnology.Core.MessageBus\SolTechnology.Core.MessageBus.csproj", "{F4B48AE0-1D36-48A1-8283-225002883052}"
EndProject
Project("{9A19103F-16F7-4668-BE54-9A1E7A4F7556}") = "SolTechnology.Core.Scheduler", "..\..\src\SolTechnology.Core.Scheduler\SolTechnology.Core.Scheduler.csproj", "{914C9DBE-ED80-41AA-9FCA-A43BF4456B4E}"
EndProject
Project("{9A19103F-16F7-4668-BE54-9A1E7A4F7556}") = "SolTechnology.Core.Sql", "..\..\src\SolTechnology.Core.Sql\SolTechnology.Core.Sql.csproj", "{693A9F15-57D7-4889-AEAC-71481CF59BF5}"
EndProject
Project("{FAE04EC0-301F-11D3-BF4B-00C04F79EFBC}") = "DreamTravel.TestFixture.Sql", "DreamTravel.TestFixture.Sql\DreamTravel.TestFixture.Sql.csproj", "{B5ACB9FF-A292-4386-9322-AB05ACBCA211}"
EndProject
Global
	GlobalSection(SolutionConfigurationPlatforms) = preSolution
		Debug|Any CPU = Debug|Any CPU
		Release|Any CPU = Release|Any CPU
	EndGlobalSection
	GlobalSection(ProjectConfigurationPlatforms) = postSolution
		{B6E9DD4E-1DEA-4597-9933-7B4EE6803DE1}.Debug|Any CPU.ActiveCfg = Debug|Any CPU
		{B6E9DD4E-1DEA-4597-9933-7B4EE6803DE1}.Debug|Any CPU.Build.0 = Debug|Any CPU
		{B6E9DD4E-1DEA-4597-9933-7B4EE6803DE1}.Release|Any CPU.ActiveCfg = Release|Any CPU
		{B6E9DD4E-1DEA-4597-9933-7B4EE6803DE1}.Release|Any CPU.Build.0 = Release|Any CPU
		{85B38EC0-B773-4666-83BF-F53E2D231C1A}.Debug|Any CPU.ActiveCfg = Debug|Any CPU
		{85B38EC0-B773-4666-83BF-F53E2D231C1A}.Debug|Any CPU.Build.0 = Debug|Any CPU
		{85B38EC0-B773-4666-83BF-F53E2D231C1A}.Release|Any CPU.ActiveCfg = Release|Any CPU
		{85B38EC0-B773-4666-83BF-F53E2D231C1A}.Release|Any CPU.Build.0 = Release|Any CPU
		{F131404D-1BDE-4442-B7E1-0B8412B65FFE}.Debug|Any CPU.ActiveCfg = Debug|Any CPU
		{F131404D-1BDE-4442-B7E1-0B8412B65FFE}.Debug|Any CPU.Build.0 = Debug|Any CPU
		{F131404D-1BDE-4442-B7E1-0B8412B65FFE}.Release|Any CPU.ActiveCfg = Release|Any CPU
		{F131404D-1BDE-4442-B7E1-0B8412B65FFE}.Release|Any CPU.Build.0 = Release|Any CPU
		{24C3C5AE-62EC-4E1D-B3AD-A807D18E3E3F}.Debug|Any CPU.ActiveCfg = Debug|Any CPU
		{24C3C5AE-62EC-4E1D-B3AD-A807D18E3E3F}.Debug|Any CPU.Build.0 = Debug|Any CPU
		{24C3C5AE-62EC-4E1D-B3AD-A807D18E3E3F}.Release|Any CPU.ActiveCfg = Release|Any CPU
		{24C3C5AE-62EC-4E1D-B3AD-A807D18E3E3F}.Release|Any CPU.Build.0 = Release|Any CPU
		{DBD5425E-4369-4BBF-AD65-C77F54487EA9}.Debug|Any CPU.ActiveCfg = Debug|Any CPU
		{DBD5425E-4369-4BBF-AD65-C77F54487EA9}.Debug|Any CPU.Build.0 = Debug|Any CPU
		{DBD5425E-4369-4BBF-AD65-C77F54487EA9}.Release|Any CPU.ActiveCfg = Release|Any CPU
		{DBD5425E-4369-4BBF-AD65-C77F54487EA9}.Release|Any CPU.Build.0 = Release|Any CPU
		{A23BBB70-EF39-43C2-9EE6-9BFD461B4829}.Debug|Any CPU.ActiveCfg = Debug|Any CPU
		{A23BBB70-EF39-43C2-9EE6-9BFD461B4829}.Debug|Any CPU.Build.0 = Debug|Any CPU
		{A23BBB70-EF39-43C2-9EE6-9BFD461B4829}.Release|Any CPU.ActiveCfg = Release|Any CPU
		{A23BBB70-EF39-43C2-9EE6-9BFD461B4829}.Release|Any CPU.Build.0 = Release|Any CPU
		{4B520DE8-3977-4131-AF3F-078155B839DE}.Debug|Any CPU.ActiveCfg = Debug|Any CPU
		{4B520DE8-3977-4131-AF3F-078155B839DE}.Debug|Any CPU.Build.0 = Debug|Any CPU
		{4B520DE8-3977-4131-AF3F-078155B839DE}.Release|Any CPU.ActiveCfg = Release|Any CPU
		{4B520DE8-3977-4131-AF3F-078155B839DE}.Release|Any CPU.Build.0 = Release|Any CPU
		{6F63CFD8-BF02-42EB-B2E4-D55D8AB6C9C5}.Debug|Any CPU.ActiveCfg = Debug|Any CPU
		{6F63CFD8-BF02-42EB-B2E4-D55D8AB6C9C5}.Debug|Any CPU.Build.0 = Debug|Any CPU
		{6F63CFD8-BF02-42EB-B2E4-D55D8AB6C9C5}.Release|Any CPU.ActiveCfg = Release|Any CPU
		{6F63CFD8-BF02-42EB-B2E4-D55D8AB6C9C5}.Release|Any CPU.Build.0 = Release|Any CPU
		{33A43C79-3A34-45DD-9169-ED90A74D7956}.Debug|Any CPU.ActiveCfg = Debug|Any CPU
		{33A43C79-3A34-45DD-9169-ED90A74D7956}.Debug|Any CPU.Build.0 = Debug|Any CPU
		{33A43C79-3A34-45DD-9169-ED90A74D7956}.Release|Any CPU.ActiveCfg = Release|Any CPU
		{33A43C79-3A34-45DD-9169-ED90A74D7956}.Release|Any CPU.Build.0 = Release|Any CPU
		{63FA4DE7-E002-41F5-8431-A1B4647FBC09}.Debug|Any CPU.ActiveCfg = Debug|Any CPU
		{63FA4DE7-E002-41F5-8431-A1B4647FBC09}.Debug|Any CPU.Build.0 = Debug|Any CPU
		{63FA4DE7-E002-41F5-8431-A1B4647FBC09}.Release|Any CPU.ActiveCfg = Release|Any CPU
		{63FA4DE7-E002-41F5-8431-A1B4647FBC09}.Release|Any CPU.Build.0 = Release|Any CPU
		{7E27E582-68E5-4503-B86C-5F9A8622030A}.Debug|Any CPU.ActiveCfg = Debug|Any CPU
		{7E27E582-68E5-4503-B86C-5F9A8622030A}.Debug|Any CPU.Build.0 = Debug|Any CPU
		{7E27E582-68E5-4503-B86C-5F9A8622030A}.Release|Any CPU.ActiveCfg = Release|Any CPU
		{7E27E582-68E5-4503-B86C-5F9A8622030A}.Release|Any CPU.Build.0 = Release|Any CPU
		{FFA7299F-0BA9-45D4-9B29-F378EF8ADD4A}.Debug|Any CPU.ActiveCfg = Debug|Any CPU
		{FFA7299F-0BA9-45D4-9B29-F378EF8ADD4A}.Debug|Any CPU.Build.0 = Debug|Any CPU
		{FFA7299F-0BA9-45D4-9B29-F378EF8ADD4A}.Release|Any CPU.ActiveCfg = Release|Any CPU
		{FFA7299F-0BA9-45D4-9B29-F378EF8ADD4A}.Release|Any CPU.Build.0 = Release|Any CPU
		{201C44FE-E739-464F-B7A3-B205A66434FB}.Debug|Any CPU.ActiveCfg = Debug|Any CPU
		{201C44FE-E739-464F-B7A3-B205A66434FB}.Debug|Any CPU.Build.0 = Debug|Any CPU
		{201C44FE-E739-464F-B7A3-B205A66434FB}.Release|Any CPU.ActiveCfg = Release|Any CPU
		{201C44FE-E739-464F-B7A3-B205A66434FB}.Release|Any CPU.Build.0 = Release|Any CPU
		{6D20804D-410E-448A-9375-F56E97CBFBDD}.Debug|Any CPU.ActiveCfg = Debug|Any CPU
		{6D20804D-410E-448A-9375-F56E97CBFBDD}.Debug|Any CPU.Build.0 = Debug|Any CPU
		{6D20804D-410E-448A-9375-F56E97CBFBDD}.Release|Any CPU.ActiveCfg = Release|Any CPU
		{6D20804D-410E-448A-9375-F56E97CBFBDD}.Release|Any CPU.Build.0 = Release|Any CPU
		{AF44C962-DA3C-42BC-8075-F592527C85F3}.Debug|Any CPU.ActiveCfg = Debug|Any CPU
		{AF44C962-DA3C-42BC-8075-F592527C85F3}.Debug|Any CPU.Build.0 = Debug|Any CPU
		{AF44C962-DA3C-42BC-8075-F592527C85F3}.Release|Any CPU.ActiveCfg = Release|Any CPU
		{AF44C962-DA3C-42BC-8075-F592527C85F3}.Release|Any CPU.Build.0 = Release|Any CPU
		{CF9F9975-D6E8-42AA-9FDB-C939559DB80B}.Debug|Any CPU.ActiveCfg = Debug|Any CPU
		{CF9F9975-D6E8-42AA-9FDB-C939559DB80B}.Debug|Any CPU.Build.0 = Debug|Any CPU
		{CF9F9975-D6E8-42AA-9FDB-C939559DB80B}.Release|Any CPU.ActiveCfg = Release|Any CPU
		{CF9F9975-D6E8-42AA-9FDB-C939559DB80B}.Release|Any CPU.Build.0 = Release|Any CPU
		{9EFD66EB-23EC-4A26-B9BC-59E277555CA6}.Debug|Any CPU.ActiveCfg = Debug|Any CPU
		{9EFD66EB-23EC-4A26-B9BC-59E277555CA6}.Debug|Any CPU.Build.0 = Debug|Any CPU
		{9EFD66EB-23EC-4A26-B9BC-59E277555CA6}.Release|Any CPU.ActiveCfg = Release|Any CPU
		{9EFD66EB-23EC-4A26-B9BC-59E277555CA6}.Release|Any CPU.Build.0 = Release|Any CPU
		{818CEB54-7F26-4BA4-8BB1-84AC388C81C3}.Debug|Any CPU.ActiveCfg = Debug|Any CPU
		{818CEB54-7F26-4BA4-8BB1-84AC388C81C3}.Debug|Any CPU.Build.0 = Debug|Any CPU
		{818CEB54-7F26-4BA4-8BB1-84AC388C81C3}.Release|Any CPU.ActiveCfg = Release|Any CPU
		{818CEB54-7F26-4BA4-8BB1-84AC388C81C3}.Release|Any CPU.Build.0 = Release|Any CPU
		{7C69F220-4F3C-4902-AD68-E4A50C527007}.Debug|Any CPU.ActiveCfg = Debug|Any CPU
		{7C69F220-4F3C-4902-AD68-E4A50C527007}.Debug|Any CPU.Build.0 = Debug|Any CPU
		{7C69F220-4F3C-4902-AD68-E4A50C527007}.Release|Any CPU.ActiveCfg = Release|Any CPU
		{7C69F220-4F3C-4902-AD68-E4A50C527007}.Release|Any CPU.Build.0 = Release|Any CPU
		{B21807F9-8BC7-45CC-AD2D-EAC8F7DC5EFB}.Debug|Any CPU.ActiveCfg = Debug|Any CPU
		{B21807F9-8BC7-45CC-AD2D-EAC8F7DC5EFB}.Debug|Any CPU.Build.0 = Debug|Any CPU
		{B21807F9-8BC7-45CC-AD2D-EAC8F7DC5EFB}.Release|Any CPU.ActiveCfg = Release|Any CPU
		{B21807F9-8BC7-45CC-AD2D-EAC8F7DC5EFB}.Release|Any CPU.Build.0 = Release|Any CPU
		{5403A65C-8123-4D30-8184-BC9B549605CF}.Debug|Any CPU.ActiveCfg = Debug|Any CPU
		{5403A65C-8123-4D30-8184-BC9B549605CF}.Debug|Any CPU.Build.0 = Debug|Any CPU
		{5403A65C-8123-4D30-8184-BC9B549605CF}.Release|Any CPU.ActiveCfg = Release|Any CPU
		{5403A65C-8123-4D30-8184-BC9B549605CF}.Release|Any CPU.Build.0 = Release|Any CPU
		{375FD792-A787-46B5-AAC3-A078098235B8}.Debug|Any CPU.ActiveCfg = Debug|Any CPU
		{375FD792-A787-46B5-AAC3-A078098235B8}.Debug|Any CPU.Build.0 = Debug|Any CPU
		{375FD792-A787-46B5-AAC3-A078098235B8}.Release|Any CPU.ActiveCfg = Release|Any CPU
		{375FD792-A787-46B5-AAC3-A078098235B8}.Release|Any CPU.Build.0 = Release|Any CPU
		{7377D4C7-4012-4624-874D-B6AB978B1BB1}.Debug|Any CPU.ActiveCfg = Debug|Any CPU
		{7377D4C7-4012-4624-874D-B6AB978B1BB1}.Debug|Any CPU.Build.0 = Debug|Any CPU
		{7377D4C7-4012-4624-874D-B6AB978B1BB1}.Release|Any CPU.ActiveCfg = Release|Any CPU
		{7377D4C7-4012-4624-874D-B6AB978B1BB1}.Release|Any CPU.Build.0 = Release|Any CPU
		{764F1E72-99CE-42C9-8F23-30E295EE4707}.Debug|Any CPU.ActiveCfg = Debug|Any CPU
		{764F1E72-99CE-42C9-8F23-30E295EE4707}.Debug|Any CPU.Build.0 = Debug|Any CPU
		{764F1E72-99CE-42C9-8F23-30E295EE4707}.Release|Any CPU.ActiveCfg = Release|Any CPU
		{764F1E72-99CE-42C9-8F23-30E295EE4707}.Release|Any CPU.Build.0 = Release|Any CPU
		{EAAA86A1-B345-4325-8F9A-D48BFEB6E99D}.Debug|Any CPU.ActiveCfg = Debug|Any CPU
		{EAAA86A1-B345-4325-8F9A-D48BFEB6E99D}.Debug|Any CPU.Build.0 = Debug|Any CPU
		{EAAA86A1-B345-4325-8F9A-D48BFEB6E99D}.Release|Any CPU.ActiveCfg = Release|Any CPU
		{EAAA86A1-B345-4325-8F9A-D48BFEB6E99D}.Release|Any CPU.Build.0 = Release|Any CPU
		{860C078C-3B75-451D-99A7-424063F92B47}.Debug|Any CPU.ActiveCfg = Debug|Any CPU
		{860C078C-3B75-451D-99A7-424063F92B47}.Debug|Any CPU.Build.0 = Debug|Any CPU
		{860C078C-3B75-451D-99A7-424063F92B47}.Release|Any CPU.ActiveCfg = Release|Any CPU
		{860C078C-3B75-451D-99A7-424063F92B47}.Release|Any CPU.Build.0 = Release|Any CPU
		{486E3BE2-5028-4DBD-B3D6-231D56808006}.Debug|Any CPU.ActiveCfg = Debug|Any CPU
		{486E3BE2-5028-4DBD-B3D6-231D56808006}.Debug|Any CPU.Build.0 = Debug|Any CPU
		{486E3BE2-5028-4DBD-B3D6-231D56808006}.Release|Any CPU.ActiveCfg = Release|Any CPU
		{486E3BE2-5028-4DBD-B3D6-231D56808006}.Release|Any CPU.Build.0 = Release|Any CPU
		{D2796FC0-D4DE-4E89-AA30-1500217888A2}.Debug|Any CPU.ActiveCfg = Debug|Any CPU
		{D2796FC0-D4DE-4E89-AA30-1500217888A2}.Debug|Any CPU.Build.0 = Debug|Any CPU
		{D2796FC0-D4DE-4E89-AA30-1500217888A2}.Release|Any CPU.ActiveCfg = Release|Any CPU
		{D2796FC0-D4DE-4E89-AA30-1500217888A2}.Release|Any CPU.Build.0 = Release|Any CPU
		{ACE20D9F-406B-4023-BC40-5FF9F40E2214}.Debug|Any CPU.ActiveCfg = Debug|Any CPU
		{ACE20D9F-406B-4023-BC40-5FF9F40E2214}.Debug|Any CPU.Build.0 = Debug|Any CPU
		{ACE20D9F-406B-4023-BC40-5FF9F40E2214}.Release|Any CPU.ActiveCfg = Release|Any CPU
		{ACE20D9F-406B-4023-BC40-5FF9F40E2214}.Release|Any CPU.Build.0 = Release|Any CPU
		{F0122234-0062-495D-81D9-83CBEA92A334}.Debug|Any CPU.ActiveCfg = Debug|Any CPU
		{F0122234-0062-495D-81D9-83CBEA92A334}.Debug|Any CPU.Build.0 = Debug|Any CPU
		{F0122234-0062-495D-81D9-83CBEA92A334}.Release|Any CPU.ActiveCfg = Release|Any CPU
		{F0122234-0062-495D-81D9-83CBEA92A334}.Release|Any CPU.Build.0 = Release|Any CPU
		{4A02D330-DC1E-47DB-8781-8C191F5F17D1}.Debug|Any CPU.ActiveCfg = Debug|Any CPU
		{4A02D330-DC1E-47DB-8781-8C191F5F17D1}.Debug|Any CPU.Build.0 = Debug|Any CPU
		{4A02D330-DC1E-47DB-8781-8C191F5F17D1}.Release|Any CPU.ActiveCfg = Release|Any CPU
		{4A02D330-DC1E-47DB-8781-8C191F5F17D1}.Release|Any CPU.Build.0 = Release|Any CPU
		{98BA752C-B79E-429A-8CE2-02E8411D6EBA}.Debug|Any CPU.ActiveCfg = Debug|Any CPU
		{98BA752C-B79E-429A-8CE2-02E8411D6EBA}.Debug|Any CPU.Build.0 = Debug|Any CPU
		{98BA752C-B79E-429A-8CE2-02E8411D6EBA}.Release|Any CPU.ActiveCfg = Release|Any CPU
		{98BA752C-B79E-429A-8CE2-02E8411D6EBA}.Release|Any CPU.Build.0 = Release|Any CPU
		{F4B48AE0-1D36-48A1-8283-225002883052}.Debug|Any CPU.ActiveCfg = Debug|Any CPU
		{F4B48AE0-1D36-48A1-8283-225002883052}.Debug|Any CPU.Build.0 = Debug|Any CPU
		{F4B48AE0-1D36-48A1-8283-225002883052}.Release|Any CPU.ActiveCfg = Release|Any CPU
		{F4B48AE0-1D36-48A1-8283-225002883052}.Release|Any CPU.Build.0 = Release|Any CPU
		{914C9DBE-ED80-41AA-9FCA-A43BF4456B4E}.Debug|Any CPU.ActiveCfg = Debug|Any CPU
		{914C9DBE-ED80-41AA-9FCA-A43BF4456B4E}.Debug|Any CPU.Build.0 = Debug|Any CPU
		{914C9DBE-ED80-41AA-9FCA-A43BF4456B4E}.Release|Any CPU.ActiveCfg = Release|Any CPU
		{914C9DBE-ED80-41AA-9FCA-A43BF4456B4E}.Release|Any CPU.Build.0 = Release|Any CPU
		{693A9F15-57D7-4889-AEAC-71481CF59BF5}.Debug|Any CPU.ActiveCfg = Debug|Any CPU
		{693A9F15-57D7-4889-AEAC-71481CF59BF5}.Debug|Any CPU.Build.0 = Debug|Any CPU
		{693A9F15-57D7-4889-AEAC-71481CF59BF5}.Release|Any CPU.ActiveCfg = Release|Any CPU
		{693A9F15-57D7-4889-AEAC-71481CF59BF5}.Release|Any CPU.Build.0 = Release|Any CPU
		{B5ACB9FF-A292-4386-9322-AB05ACBCA211}.Debug|Any CPU.ActiveCfg = Debug|Any CPU
		{B5ACB9FF-A292-4386-9322-AB05ACBCA211}.Debug|Any CPU.Build.0 = Debug|Any CPU
		{B5ACB9FF-A292-4386-9322-AB05ACBCA211}.Release|Any CPU.ActiveCfg = Release|Any CPU
		{B5ACB9FF-A292-4386-9322-AB05ACBCA211}.Release|Any CPU.Build.0 = Release|Any CPU
	EndGlobalSection
	GlobalSection(SolutionProperties) = preSolution
		HideSolutionNode = FALSE
	EndGlobalSection
	GlobalSection(NestedProjects) = preSolution
		{668FAD46-D0CB-4805-B86E-81A1894D3A23} = {572E779B-BBF5-479A-BCF8-4F42D87B96A6}
		{E40306CA-EC82-4D37-9254-97C3FFA14769} = {572E779B-BBF5-479A-BCF8-4F42D87B96A6}
		{9BEDC352-4309-4AB8-8A06-E6F08A3DF2D9} = {572E779B-BBF5-479A-BCF8-4F42D87B96A6}
		{24C3C5AE-62EC-4E1D-B3AD-A807D18E3E3F} = {9BEDC352-4309-4AB8-8A06-E6F08A3DF2D9}
		{DBD5425E-4369-4BBF-AD65-C77F54487EA9} = {E40306CA-EC82-4D37-9254-97C3FFA14769}
		{A23BBB70-EF39-43C2-9EE6-9BFD461B4829} = {E40306CA-EC82-4D37-9254-97C3FFA14769}
		{35A72CE7-B87F-4068-BCD8-32667B36F536} = {572E779B-BBF5-479A-BCF8-4F42D87B96A6}
		{4B520DE8-3977-4131-AF3F-078155B839DE} = {35A72CE7-B87F-4068-BCD8-32667B36F536}
		{6F63CFD8-BF02-42EB-B2E4-D55D8AB6C9C5} = {35A72CE7-B87F-4068-BCD8-32667B36F536}
		{33A43C79-3A34-45DD-9169-ED90A74D7956} = {35A72CE7-B87F-4068-BCD8-32667B36F536}
		{3AAD6529-4898-4F1C-B6DB-52D1337D4C7D} = {C3CAFC14-E522-4B5A-846E-59DD9750B013}
		{9704D6DB-2991-4DF9-B576-55DD93D99F2D} = {C3CAFC14-E522-4B5A-846E-59DD9750B013}
		{8A91AC96-578A-408A-B8C8-2C2AEC26247C} = {C3CAFC14-E522-4B5A-846E-59DD9750B013}
		{63FA4DE7-E002-41F5-8431-A1B4647FBC09} = {8A91AC96-578A-408A-B8C8-2C2AEC26247C}
		{7E27E582-68E5-4503-B86C-5F9A8622030A} = {3AAD6529-4898-4F1C-B6DB-52D1337D4C7D}
		{FFA7299F-0BA9-45D4-9B29-F378EF8ADD4A} = {3AAD6529-4898-4F1C-B6DB-52D1337D4C7D}
		{201C44FE-E739-464F-B7A3-B205A66434FB} = {C3CAFC14-E522-4B5A-846E-59DD9750B013}
		{7941F357-9380-4675-A5F4-0AA950DEBA48} = {C3CAFC14-E522-4B5A-846E-59DD9750B013}
		{6D20804D-410E-448A-9375-F56E97CBFBDD} = {7941F357-9380-4675-A5F4-0AA950DEBA48}
		{AF44C962-DA3C-42BC-8075-F592527C85F3} = {7941F357-9380-4675-A5F4-0AA950DEBA48}
		{CF9F9975-D6E8-42AA-9FDB-C939559DB80B} = {AA021B4E-7738-4B8B-856D-D5DEBC992D9F}
		{9EFD66EB-23EC-4A26-B9BC-59E277555CA6} = {AA021B4E-7738-4B8B-856D-D5DEBC992D9F}
		{818CEB54-7F26-4BA4-8BB1-84AC388C81C3} = {7941F357-9380-4675-A5F4-0AA950DEBA48}
		{7C69F220-4F3C-4902-AD68-E4A50C527007} = {572E779B-BBF5-479A-BCF8-4F42D87B96A6}
		{B21807F9-8BC7-45CC-AD2D-EAC8F7DC5EFB} = {35A72CE7-B87F-4068-BCD8-32667B36F536}
		{4B5E71B6-91EE-44E5-BAC7-EB1A416CB311} = {AA021B4E-7738-4B8B-856D-D5DEBC992D9F}
		{5403A65C-8123-4D30-8184-BC9B549605CF} = {4B5E71B6-91EE-44E5-BAC7-EB1A416CB311}
		{375FD792-A787-46B5-AAC3-A078098235B8} = {E40306CA-EC82-4D37-9254-97C3FFA14769}
		{7377D4C7-4012-4624-874D-B6AB978B1BB1} = {35A72CE7-B87F-4068-BCD8-32667B36F536}
		{764F1E72-99CE-42C9-8F23-30E295EE4707} = {7941F357-9380-4675-A5F4-0AA950DEBA48}
		{8CADE6B3-4BAE-46C4-AC45-60BE6BBA6124} = {AA021B4E-7738-4B8B-856D-D5DEBC992D9F}
		{EAAA86A1-B345-4325-8F9A-D48BFEB6E99D} = {8CADE6B3-4BAE-46C4-AC45-60BE6BBA6124}
		{860C078C-3B75-451D-99A7-424063F92B47} = {8CADE6B3-4BAE-46C4-AC45-60BE6BBA6124}
		{486E3BE2-5028-4DBD-B3D6-231D56808006} = {8CADE6B3-4BAE-46C4-AC45-60BE6BBA6124}
		{D2796FC0-D4DE-4E89-AA30-1500217888A2} = {8CADE6B3-4BAE-46C4-AC45-60BE6BBA6124}
		{ACE20D9F-406B-4023-BC40-5FF9F40E2214} = {8CADE6B3-4BAE-46C4-AC45-60BE6BBA6124}
		{F0122234-0062-495D-81D9-83CBEA92A334} = {8CADE6B3-4BAE-46C4-AC45-60BE6BBA6124}
		{4A02D330-DC1E-47DB-8781-8C191F5F17D1} = {8CADE6B3-4BAE-46C4-AC45-60BE6BBA6124}
		{98BA752C-B79E-429A-8CE2-02E8411D6EBA} = {8CADE6B3-4BAE-46C4-AC45-60BE6BBA6124}
		{F4B48AE0-1D36-48A1-8283-225002883052} = {8CADE6B3-4BAE-46C4-AC45-60BE6BBA6124}
		{914C9DBE-ED80-41AA-9FCA-A43BF4456B4E} = {8CADE6B3-4BAE-46C4-AC45-60BE6BBA6124}
		{693A9F15-57D7-4889-AEAC-71481CF59BF5} = {8CADE6B3-4BAE-46C4-AC45-60BE6BBA6124}
		{B5ACB9FF-A292-4386-9322-AB05ACBCA211} = {4B5E71B6-91EE-44E5-BAC7-EB1A416CB311}
	EndGlobalSection
	GlobalSection(ExtensibilityGlobals) = postSolution
		SolutionGuid = {00F9DE65-0AAA-464E-9C25-8FC931194B32}
	EndGlobalSection
EndGlobal
