
Microsoft Visual Studio Solution File, Format Version 12.00
# Visual Studio Version 16
VisualStudioVersion = 16.0.28729.10
MinimumVisualStudioVersion = 10.0.40219.1
Project("{9A19103F-16F7-4668-BE54-9A1E7A4F7556}") = "TravelingSalesmanProblem", "Backend\TravelingSalesmanProblem\TravelingSalesmanProblem.csproj", "{890C2C9C-DEA5-439C-A3FF-11D88F2DEAB0}"
EndProject
Project("{2150E333-8FDC-42A3-9474-1A3956D46DE8}") = "Tests", "Tests", "{55867FA2-33B1-48B4-AC03-D2F72DD60441}"
EndProject
Project("{9A19103F-16F7-4668-BE54-9A1E7A4F7556}") = "TravelingSalesmanProblemTests", "..\tests\TravelingSalesmanProblemTests\TravelingSalesmanProblemTests.csproj", "{15E7697D-59D6-426F-A9A9-A3ABA90A070A}"
	ProjectSection(ProjectDependencies) = postProject
		{890C2C9C-DEA5-439C-A3FF-11D88F2DEAB0} = {890C2C9C-DEA5-439C-A3FF-11D88F2DEAB0}
	EndProjectSection
EndProject
Project("{9A19103F-16F7-4668-BE54-9A1E7A4F7556}") = "Bot", "Backend\Bot\Bot.csproj", "{2AF5C223-ECE4-403B-B222-41417639E7B1}"
EndProject
Project("{9A19103F-16F7-4668-BE54-9A1E7A4F7556}") = "Infrastructure", "Backend\Infrastructure\Infrastructure.csproj", "{2186D121-3F00-4FB6-9DC1-BF11094279C8}"
EndProject
Project("{151D2E53-A2C4-4D7D-83FE-D05416EBD58E}") = "AzureResourceGroup", "..\devOps\AzureResourceGroup\AzureResourceGroup.deployproj", "{2EB94B37-255F-40E7-A807-6A4F2D61DC9E}"
EndProject
Project("{2150E333-8FDC-42A3-9474-1A3956D46DE8}") = "DataLayer", "DataLayer", "{B2587745-8654-42FC-A2A2-6D054FDF2173}"
EndProject
Project("{9A19103F-16F7-4668-BE54-9A1E7A4F7556}") = "StaticData", "Backend\FlightsRepository\StaticData.csproj", "{346061C9-B539-4567-B920-EDC4E89D2827}"
EndProject
Project("{9A19103F-16F7-4668-BE54-9A1E7A4F7556}") = "Domain", "Backend\Domain\Domain.csproj", "{D1E366DF-35FB-401E-A03D-5BF1B01A2998}"
EndProject
Project("{9A19103F-16F7-4668-BE54-9A1E7A4F7556}") = "StaticDataTests", "..\tests\FlightDataTests\StaticDataTests.csproj", "{BABB7CB6-DCC9-48E0-A9ED-5C2097FD581C}"
EndProject
Project("{2150E333-8FDC-42A3-9474-1A3956D46DE8}") = "PresentationLayer", "PresentationLayer", "{671C7D7D-4079-44D1-AEF8-ACCC9A6186B8}"
EndProject
Project("{2150E333-8FDC-42A3-9474-1A3956D46DE8}") = "LogicLayer", "LogicLayer", "{C3AD01F3-75DE-44BB-8FE5-17E1683D7872}"
EndProject
Project("{9A19103F-16F7-4668-BE54-9A1E7A4F7556}") = "Identity", "Backend\Identity\Identity.csproj", "{7EED07D5-A54C-4A26-952F-D32EB3DC4A84}"
EndProject
Project("{9A19103F-16F7-4668-BE54-9A1E7A4F7556}") = "DatabaseDataTests", "..\tests\DatabaseDataTests\DatabaseDataTests.csproj", "{1F387B59-BE65-434F-87D1-BA648645CED9}"
EndProject
Project("{2150E333-8FDC-42A3-9474-1A3956D46DE8}") = "Unit", "Unit", "{39216599-39FD-4FC7-8759-48AC896CEFFF}"
EndProject
Project("{2150E333-8FDC-42A3-9474-1A3956D46DE8}") = "Integration", "Integration", "{6B8A7FAF-6CB2-45BA-87B3-C66F1EED5699}"
EndProject
Project("{9A19103F-16F7-4668-BE54-9A1E7A4F7556}") = "Clients", "Backend\GeolocationData\Clients.csproj", "{CBEE5B73-8F4E-4F2F-A091-73E2A71628B2}"
EndProject
Project("{9A19103F-16F7-4668-BE54-9A1E7A4F7556}") = "DatabaseData", "Backend\DatabaseData\DatabaseData.csproj", "{8AE7F261-518E-4E6E-8E85-D05943C1F769}"
EndProject
Project("{9A19103F-16F7-4668-BE54-9A1E7A4F7556}") = "ClientsTests", "..\tests\GeolocationDataTests\ClientsTests.csproj", "{0342F9AF-83E6-4B16-AD89-3D7C5D6C3231}"
EndProject
Project("{9A19103F-16F7-4668-BE54-9A1E7A4F7556}") = "FeaturesTests", "..\tests\FeaturesTests\FeaturesTests.csproj", "{5FA4F1EE-322B-425F-A578-C6E6B2AA36B1}"
EndProject
Project("{9A19103F-16F7-4668-BE54-9A1E7A4F7556}") = "Cryptography", "Backend\Cryptography\Cryptography.csproj", "{9D280751-3A1A-422B-BA5B-D81D053AB36E}"
EndProject
Project("{9A19103F-16F7-4668-BE54-9A1E7A4F7556}") = "CryptographyTests", "..\tests\CryptographyTests\CryptographyTests.csproj", "{76B0A5FE-2A08-4CF9-93C0-EE678366478A}"
EndProject
Project("{9A19103F-16F7-4668-BE54-9A1E7A4F7556}") = "DreamTrips", "Backend\DreamTrips\DreamTrips.csproj", "{BCD3FB5B-5EF8-48CA-BD1F-722CC73E9E37}"
EndProject
Project("{9A19103F-16F7-4668-BE54-9A1E7A4F7556}") = "DreamFlights", "Backend\DreamFlights\DreamFlights.csproj", "{1F3FE57E-8FE3-4691-BA8F-A3B05D51FDCE}"
EndProject
Project("{9A19103F-16F7-4668-BE54-9A1E7A4F7556}") = "ApiTests", "..\tests\ApiTests\ApiTests.csproj", "{128A9A73-31B5-4C52-A6E1-5710BD8DB4A7}"
EndProject
Project("{9A19103F-16F7-4668-BE54-9A1E7A4F7556}") = "DomainTests", "..\tests\DomainTests\DomainTests.csproj", "{FD8D3159-CC22-447C-B414-BE4101C2C949}"
EndProject
Project("{9A19103F-16F7-4668-BE54-9A1E7A4F7556}") = "DreamTravelDatabase", "Backend\DreamTravelDatabase\DreamTravelDatabase.csproj", "{23CAA043-2582-4C6B-82AE-612F0FDCDFAE}"
EndProject
Project("{9A19103F-16F7-4668-BE54-9A1E7A4F7556}") = "Api", "Api\Api.csproj", "{1F310B7A-145D-4644-A346-ED0EC3FCDB5D}"
EndProject
Global
	GlobalSection(SolutionConfigurationPlatforms) = preSolution
		Debug|Any CPU = Debug|Any CPU
		Release|Any CPU = Release|Any CPU
	EndGlobalSection
	GlobalSection(ProjectConfigurationPlatforms) = postSolution
		{890C2C9C-DEA5-439C-A3FF-11D88F2DEAB0}.Debug|Any CPU.ActiveCfg = Debug|Any CPU
		{890C2C9C-DEA5-439C-A3FF-11D88F2DEAB0}.Debug|Any CPU.Build.0 = Debug|Any CPU
		{890C2C9C-DEA5-439C-A3FF-11D88F2DEAB0}.Release|Any CPU.ActiveCfg = Release|Any CPU
		{890C2C9C-DEA5-439C-A3FF-11D88F2DEAB0}.Release|Any CPU.Build.0 = Release|Any CPU
		{15E7697D-59D6-426F-A9A9-A3ABA90A070A}.Debug|Any CPU.ActiveCfg = Debug|Any CPU
		{15E7697D-59D6-426F-A9A9-A3ABA90A070A}.Debug|Any CPU.Build.0 = Debug|Any CPU
		{15E7697D-59D6-426F-A9A9-A3ABA90A070A}.Release|Any CPU.ActiveCfg = Release|Any CPU
		{15E7697D-59D6-426F-A9A9-A3ABA90A070A}.Release|Any CPU.Build.0 = Release|Any CPU
		{2AF5C223-ECE4-403B-B222-41417639E7B1}.Debug|Any CPU.ActiveCfg = Debug|Any CPU
		{2AF5C223-ECE4-403B-B222-41417639E7B1}.Debug|Any CPU.Build.0 = Debug|Any CPU
		{2AF5C223-ECE4-403B-B222-41417639E7B1}.Release|Any CPU.ActiveCfg = Release|Any CPU
		{2AF5C223-ECE4-403B-B222-41417639E7B1}.Release|Any CPU.Build.0 = Release|Any CPU
		{2186D121-3F00-4FB6-9DC1-BF11094279C8}.Debug|Any CPU.ActiveCfg = Debug|Any CPU
		{2186D121-3F00-4FB6-9DC1-BF11094279C8}.Debug|Any CPU.Build.0 = Debug|Any CPU
		{2186D121-3F00-4FB6-9DC1-BF11094279C8}.Release|Any CPU.ActiveCfg = Release|Any CPU
		{2186D121-3F00-4FB6-9DC1-BF11094279C8}.Release|Any CPU.Build.0 = Release|Any CPU
		{2EB94B37-255F-40E7-A807-6A4F2D61DC9E}.Debug|Any CPU.ActiveCfg = Debug|Any CPU
		{2EB94B37-255F-40E7-A807-6A4F2D61DC9E}.Debug|Any CPU.Build.0 = Debug|Any CPU
		{2EB94B37-255F-40E7-A807-6A4F2D61DC9E}.Release|Any CPU.ActiveCfg = Release|Any CPU
		{2EB94B37-255F-40E7-A807-6A4F2D61DC9E}.Release|Any CPU.Build.0 = Release|Any CPU
		{346061C9-B539-4567-B920-EDC4E89D2827}.Debug|Any CPU.ActiveCfg = Debug|Any CPU
		{346061C9-B539-4567-B920-EDC4E89D2827}.Debug|Any CPU.Build.0 = Debug|Any CPU
		{346061C9-B539-4567-B920-EDC4E89D2827}.Release|Any CPU.ActiveCfg = Release|Any CPU
		{346061C9-B539-4567-B920-EDC4E89D2827}.Release|Any CPU.Build.0 = Release|Any CPU
		{D1E366DF-35FB-401E-A03D-5BF1B01A2998}.Debug|Any CPU.ActiveCfg = Debug|Any CPU
		{D1E366DF-35FB-401E-A03D-5BF1B01A2998}.Debug|Any CPU.Build.0 = Debug|Any CPU
		{D1E366DF-35FB-401E-A03D-5BF1B01A2998}.Release|Any CPU.ActiveCfg = Release|Any CPU
		{D1E366DF-35FB-401E-A03D-5BF1B01A2998}.Release|Any CPU.Build.0 = Release|Any CPU
		{BABB7CB6-DCC9-48E0-A9ED-5C2097FD581C}.Debug|Any CPU.ActiveCfg = Debug|Any CPU
		{BABB7CB6-DCC9-48E0-A9ED-5C2097FD581C}.Debug|Any CPU.Build.0 = Debug|Any CPU
		{BABB7CB6-DCC9-48E0-A9ED-5C2097FD581C}.Release|Any CPU.ActiveCfg = Release|Any CPU
		{BABB7CB6-DCC9-48E0-A9ED-5C2097FD581C}.Release|Any CPU.Build.0 = Release|Any CPU
		{7EED07D5-A54C-4A26-952F-D32EB3DC4A84}.Debug|Any CPU.ActiveCfg = Debug|Any CPU
		{7EED07D5-A54C-4A26-952F-D32EB3DC4A84}.Debug|Any CPU.Build.0 = Debug|Any CPU
		{7EED07D5-A54C-4A26-952F-D32EB3DC4A84}.Release|Any CPU.ActiveCfg = Release|Any CPU
		{7EED07D5-A54C-4A26-952F-D32EB3DC4A84}.Release|Any CPU.Build.0 = Release|Any CPU
		{1F387B59-BE65-434F-87D1-BA648645CED9}.Debug|Any CPU.ActiveCfg = Debug|Any CPU
		{1F387B59-BE65-434F-87D1-BA648645CED9}.Debug|Any CPU.Build.0 = Debug|Any CPU
		{1F387B59-BE65-434F-87D1-BA648645CED9}.Release|Any CPU.ActiveCfg = Release|Any CPU
		{1F387B59-BE65-434F-87D1-BA648645CED9}.Release|Any CPU.Build.0 = Release|Any CPU
		{CBEE5B73-8F4E-4F2F-A091-73E2A71628B2}.Debug|Any CPU.ActiveCfg = Debug|Any CPU
		{CBEE5B73-8F4E-4F2F-A091-73E2A71628B2}.Debug|Any CPU.Build.0 = Debug|Any CPU
		{CBEE5B73-8F4E-4F2F-A091-73E2A71628B2}.Release|Any CPU.ActiveCfg = Release|Any CPU
		{CBEE5B73-8F4E-4F2F-A091-73E2A71628B2}.Release|Any CPU.Build.0 = Release|Any CPU
		{8AE7F261-518E-4E6E-8E85-D05943C1F769}.Debug|Any CPU.ActiveCfg = Debug|Any CPU
		{8AE7F261-518E-4E6E-8E85-D05943C1F769}.Debug|Any CPU.Build.0 = Debug|Any CPU
		{8AE7F261-518E-4E6E-8E85-D05943C1F769}.Release|Any CPU.ActiveCfg = Release|Any CPU
		{8AE7F261-518E-4E6E-8E85-D05943C1F769}.Release|Any CPU.Build.0 = Release|Any CPU
		{0342F9AF-83E6-4B16-AD89-3D7C5D6C3231}.Debug|Any CPU.ActiveCfg = Debug|Any CPU
		{0342F9AF-83E6-4B16-AD89-3D7C5D6C3231}.Debug|Any CPU.Build.0 = Debug|Any CPU
		{0342F9AF-83E6-4B16-AD89-3D7C5D6C3231}.Release|Any CPU.ActiveCfg = Release|Any CPU
		{0342F9AF-83E6-4B16-AD89-3D7C5D6C3231}.Release|Any CPU.Build.0 = Release|Any CPU
		{5FA4F1EE-322B-425F-A578-C6E6B2AA36B1}.Debug|Any CPU.ActiveCfg = Debug|Any CPU
		{5FA4F1EE-322B-425F-A578-C6E6B2AA36B1}.Debug|Any CPU.Build.0 = Debug|Any CPU
		{5FA4F1EE-322B-425F-A578-C6E6B2AA36B1}.Release|Any CPU.ActiveCfg = Release|Any CPU
		{5FA4F1EE-322B-425F-A578-C6E6B2AA36B1}.Release|Any CPU.Build.0 = Release|Any CPU
		{9D280751-3A1A-422B-BA5B-D81D053AB36E}.Debug|Any CPU.ActiveCfg = Debug|Any CPU
		{9D280751-3A1A-422B-BA5B-D81D053AB36E}.Debug|Any CPU.Build.0 = Debug|Any CPU
		{9D280751-3A1A-422B-BA5B-D81D053AB36E}.Release|Any CPU.ActiveCfg = Release|Any CPU
		{9D280751-3A1A-422B-BA5B-D81D053AB36E}.Release|Any CPU.Build.0 = Release|Any CPU
		{76B0A5FE-2A08-4CF9-93C0-EE678366478A}.Debug|Any CPU.ActiveCfg = Debug|Any CPU
		{76B0A5FE-2A08-4CF9-93C0-EE678366478A}.Debug|Any CPU.Build.0 = Debug|Any CPU
		{76B0A5FE-2A08-4CF9-93C0-EE678366478A}.Release|Any CPU.ActiveCfg = Release|Any CPU
		{76B0A5FE-2A08-4CF9-93C0-EE678366478A}.Release|Any CPU.Build.0 = Release|Any CPU
		{BCD3FB5B-5EF8-48CA-BD1F-722CC73E9E37}.Debug|Any CPU.ActiveCfg = Debug|Any CPU
		{BCD3FB5B-5EF8-48CA-BD1F-722CC73E9E37}.Debug|Any CPU.Build.0 = Debug|Any CPU
		{BCD3FB5B-5EF8-48CA-BD1F-722CC73E9E37}.Release|Any CPU.ActiveCfg = Release|Any CPU
		{BCD3FB5B-5EF8-48CA-BD1F-722CC73E9E37}.Release|Any CPU.Build.0 = Release|Any CPU
		{1F3FE57E-8FE3-4691-BA8F-A3B05D51FDCE}.Debug|Any CPU.ActiveCfg = Debug|Any CPU
		{1F3FE57E-8FE3-4691-BA8F-A3B05D51FDCE}.Debug|Any CPU.Build.0 = Debug|Any CPU
		{1F3FE57E-8FE3-4691-BA8F-A3B05D51FDCE}.Release|Any CPU.ActiveCfg = Release|Any CPU
		{1F3FE57E-8FE3-4691-BA8F-A3B05D51FDCE}.Release|Any CPU.Build.0 = Release|Any CPU
		{128A9A73-31B5-4C52-A6E1-5710BD8DB4A7}.Debug|Any CPU.ActiveCfg = Debug|Any CPU
		{128A9A73-31B5-4C52-A6E1-5710BD8DB4A7}.Debug|Any CPU.Build.0 = Debug|Any CPU
		{128A9A73-31B5-4C52-A6E1-5710BD8DB4A7}.Release|Any CPU.ActiveCfg = Release|Any CPU
		{128A9A73-31B5-4C52-A6E1-5710BD8DB4A7}.Release|Any CPU.Build.0 = Release|Any CPU
		{FD8D3159-CC22-447C-B414-BE4101C2C949}.Debug|Any CPU.ActiveCfg = Debug|Any CPU
		{FD8D3159-CC22-447C-B414-BE4101C2C949}.Debug|Any CPU.Build.0 = Debug|Any CPU
		{FD8D3159-CC22-447C-B414-BE4101C2C949}.Release|Any CPU.ActiveCfg = Release|Any CPU
		{FD8D3159-CC22-447C-B414-BE4101C2C949}.Release|Any CPU.Build.0 = Release|Any CPU
		{23CAA043-2582-4C6B-82AE-612F0FDCDFAE}.Debug|Any CPU.ActiveCfg = Debug|Any CPU
		{23CAA043-2582-4C6B-82AE-612F0FDCDFAE}.Debug|Any CPU.Build.0 = Debug|Any CPU
		{23CAA043-2582-4C6B-82AE-612F0FDCDFAE}.Release|Any CPU.ActiveCfg = Release|Any CPU
		{23CAA043-2582-4C6B-82AE-612F0FDCDFAE}.Release|Any CPU.Build.0 = Release|Any CPU
		{1F310B7A-145D-4644-A346-ED0EC3FCDB5D}.Debug|Any CPU.ActiveCfg = Debug|Any CPU
		{1F310B7A-145D-4644-A346-ED0EC3FCDB5D}.Debug|Any CPU.Build.0 = Debug|Any CPU
		{1F310B7A-145D-4644-A346-ED0EC3FCDB5D}.Release|Any CPU.ActiveCfg = Release|Any CPU
		{1F310B7A-145D-4644-A346-ED0EC3FCDB5D}.Release|Any CPU.Build.0 = Release|Any CPU
	EndGlobalSection
	GlobalSection(SolutionProperties) = preSolution
		HideSolutionNode = FALSE
	EndGlobalSection
	GlobalSection(NestedProjects) = preSolution
		{890C2C9C-DEA5-439C-A3FF-11D88F2DEAB0} = {C3AD01F3-75DE-44BB-8FE5-17E1683D7872}
		{15E7697D-59D6-426F-A9A9-A3ABA90A070A} = {39216599-39FD-4FC7-8759-48AC896CEFFF}
		{2AF5C223-ECE4-403B-B222-41417639E7B1} = {671C7D7D-4079-44D1-AEF8-ACCC9A6186B8}
		{346061C9-B539-4567-B920-EDC4E89D2827} = {B2587745-8654-42FC-A2A2-6D054FDF2173}
		{BABB7CB6-DCC9-48E0-A9ED-5C2097FD581C} = {6B8A7FAF-6CB2-45BA-87B3-C66F1EED5699}
		{7EED07D5-A54C-4A26-952F-D32EB3DC4A84} = {C3AD01F3-75DE-44BB-8FE5-17E1683D7872}
		{1F387B59-BE65-434F-87D1-BA648645CED9} = {6B8A7FAF-6CB2-45BA-87B3-C66F1EED5699}
		{39216599-39FD-4FC7-8759-48AC896CEFFF} = {55867FA2-33B1-48B4-AC03-D2F72DD60441}
		{6B8A7FAF-6CB2-45BA-87B3-C66F1EED5699} = {55867FA2-33B1-48B4-AC03-D2F72DD60441}
		{CBEE5B73-8F4E-4F2F-A091-73E2A71628B2} = {B2587745-8654-42FC-A2A2-6D054FDF2173}
		{8AE7F261-518E-4E6E-8E85-D05943C1F769} = {B2587745-8654-42FC-A2A2-6D054FDF2173}
		{0342F9AF-83E6-4B16-AD89-3D7C5D6C3231} = {6B8A7FAF-6CB2-45BA-87B3-C66F1EED5699}
		{5FA4F1EE-322B-425F-A578-C6E6B2AA36B1} = {39216599-39FD-4FC7-8759-48AC896CEFFF}
		{9D280751-3A1A-422B-BA5B-D81D053AB36E} = {C3AD01F3-75DE-44BB-8FE5-17E1683D7872}
		{76B0A5FE-2A08-4CF9-93C0-EE678366478A} = {39216599-39FD-4FC7-8759-48AC896CEFFF}
		{BCD3FB5B-5EF8-48CA-BD1F-722CC73E9E37} = {C3AD01F3-75DE-44BB-8FE5-17E1683D7872}
		{1F3FE57E-8FE3-4691-BA8F-A3B05D51FDCE} = {C3AD01F3-75DE-44BB-8FE5-17E1683D7872}
		{128A9A73-31B5-4C52-A6E1-5710BD8DB4A7} = {6B8A7FAF-6CB2-45BA-87B3-C66F1EED5699}
		{FD8D3159-CC22-447C-B414-BE4101C2C949} = {39216599-39FD-4FC7-8759-48AC896CEFFF}
		{1F310B7A-145D-4644-A346-ED0EC3FCDB5D} = {671C7D7D-4079-44D1-AEF8-ACCC9A6186B8}
	EndGlobalSection
	GlobalSection(ExtensibilityGlobals) = postSolution
		SolutionGuid = {00F9DE65-0AAA-464E-9C25-8FC931194B32}
	EndGlobalSection
EndGlobal
