
Microsoft Visual Studio Solution File, Format Version 12.00
# Visual Studio Version 17
VisualStudioVersion = 17.0.32014.148
MinimumVisualStudioVersion = 10.0.40219.1
Project("{9A19103F-16F7-4668-BE54-9A1E7A4F7556}") = "SolTechnology.Core.Sql", "SolTechnology.Core.Sql\SolTechnology.Core.Sql.csproj", "{23F2E390-C71B-4AF0-BEF5-0145E06636FC}"
EndProject
Project("{2150E333-8FDC-42A3-9474-1A3956D46DE8}") = "Solution Items", "Solution Items", "{128C9B22-B6C0-4E8B-BFFD-AD007601F4D8}"
	ProjectSection(SolutionItems) = preProject
		.gitignore = .gitignore
		Directory.Build.props = Directory.Build.props
		..\.github\workflows\publishPackages.yml = ..\.github\workflows\publishPackages.yml
		..\README.md = ..\README.md
	EndProjectSection
EndProject
Project("{9A19103F-16F7-4668-BE54-9A1E7A4F7556}") = "SolTechnology.Core.BlobStorage", "SolTechnology.Core.BlobStorage\SolTechnology.Core.BlobStorage.csproj", "{449152EC-C6F5-4A32-93DB-ADDD172B9E8B}"
EndProject
Project("{9A19103F-16F7-4668-BE54-9A1E7A4F7556}") = "SolTechnology.Core.ApiClient", "SolTechnology.Core.ApiClient\SolTechnology.Core.ApiClient.csproj", "{EFE93F27-0D9B-411D-AB44-A9D1F6051AFF}"
EndProject
Project("{9A19103F-16F7-4668-BE54-9A1E7A4F7556}") = "SolTechnology.Core.Guards", "SolTechnology.Core.Guards\SolTechnology.Core.Guards.csproj", "{F1246CF6-259E-43FF-8FAB-C632921E13AC}"
EndProject
Project("{2150E333-8FDC-42A3-9474-1A3956D46DE8}") = "Tests", "Tests", "{7EF7950D-4549-43F6-A47C-FDF15CD6D98F}"
EndProject
Project("{9A19103F-16F7-4668-BE54-9A1E7A4F7556}") = "SolTechnology.Core.Sql.Tests", "..\tests\SolTechnology.Core.Sql.Tests\SolTechnology.Core.Sql.Tests.csproj", "{A176409E-DC28-4557-8416-A11C6EE61555}"
EndProject
Project("{9A19103F-16F7-4668-BE54-9A1E7A4F7556}") = "SolTechnology.Core.ApiClient.Tests", "..\tests\SolTechnology.Core.ApiClient.Tests\SolTechnology.Core.ApiClient.Tests.csproj", "{9DC0D803-5CCE-41CC-92BE-D5CD1E027CD2}"
EndProject
Project("{9A19103F-16F7-4668-BE54-9A1E7A4F7556}") = "SolTechnology.Core.Guards.Tests", "..\tests\SolTechnology.Core.Guards.Tests\SolTechnology.Core.Guards.Tests.csproj", "{86FA2E60-9AED-4FD4-B53D-722CBE8CC2A8}"
EndProject
Project("{9A19103F-16F7-4668-BE54-9A1E7A4F7556}") = "SolTechnology.Core.Logging", "SolTechnology.Core.Logging\SolTechnology.Core.Logging.csproj", "{9C52A561-F09B-49E2-8F23-4D7C23D46B15}"
EndProject
Project("{9A19103F-16F7-4668-BE54-9A1E7A4F7556}") = "SolTechnology.Core.Authentication", "SolTechnology.Core.Authentication\SolTechnology.Core.Authentication.csproj", "{585097CE-2CE9-4C8C-9414-EA3BF332B4EF}"
EndProject
Project("{9A19103F-16F7-4668-BE54-9A1E7A4F7556}") = "SolTechnology.Core.MessageBus", "SolTechnology.Core.MessageBus\SolTechnology.Core.MessageBus.csproj", "{1D000387-BC2D-4F1B-8609-B315112C0013}"
EndProject
Project("{2150E333-8FDC-42A3-9474-1A3956D46DE8}") = "Docs", "Docs", "{7513E3F2-A3A4-45C8-8165-E3B836713466}"
	ProjectSection(SolutionItems) = preProject
		..\docs\Auth.md = ..\docs\Auth.md
		..\docs\Blob.md = ..\docs\Blob.md
		..\docs\Bus.md = ..\docs\Bus.md
		..\docs\Cache.md = ..\docs\Cache.md
		..\docs\Clients.md = ..\docs\Clients.md
		..\docs\Cron.md = ..\docs\Cron.md
		..\docs\Guards.md = ..\docs\Guards.md
		..\docs\Log.md = ..\docs\Log.md
		..\docs\Sql.md = ..\docs\Sql.md
		..\docs\theAutomation.md = ..\docs\theAutomation.md
		..\docs\theDesign.md = ..\docs\theDesign.md
		..\docs\theQuality.md = ..\docs\theQuality.md
	EndProjectSection
EndProject
Project("{9A19103F-16F7-4668-BE54-9A1E7A4F7556}") = "SolTechnology.Core.Scheduler", "SolTechnology.Core.Scheduler\SolTechnology.Core.Scheduler.csproj", "{DAD13F76-B679-4752-930A-500AEA68AE79}"
EndProject
Project("{9A19103F-16F7-4668-BE54-9A1E7A4F7556}") = "SolTechnology.Core.CQRS", "SolTechnology.Core.CQRS\SolTechnology.Core.CQRS.csproj", "{1B034CBE-92B6-4133-8563-CEBD7C642473}"
EndProject
Project("{9A19103F-16F7-4668-BE54-9A1E7A4F7556}") = "SolTechnology.Core.Api", "SolTechnology.Core.Api\SolTechnology.Core.Api.csproj", "{A6351DF0-8A79-4513-AD2E-DBDCCF6DE568}"
EndProject
Project("{9A19103F-16F7-4668-BE54-9A1E7A4F7556}") = "SolTechnology.Core.Cache", "SolTechnology.Core.Cache\SolTechnology.Core.Cache.csproj", "{E117AC91-AC0B-4D33-AD6E-A013D858F65F}"
EndProject
Project("{2150E333-8FDC-42A3-9474-1A3956D46DE8}") = "SampleApps", "SampleApps", "{E6D43DFD-5343-47B3-8EFC-72A0F20672B9}"
EndProject
Project("{9A19103F-16F7-4668-BE54-9A1E7A4F7556}") = "DreamTravel.Infrastructure", "..\sample-tale-code-apps\DreamTravel\backend\src\Infrastructure\DreamTravel.Infrastructure\DreamTravel.Infrastructure.csproj", "{4A8E3915-04CF-4B1D-9DFF-88CD890629EA}"
EndProject
Project("{9A19103F-16F7-4668-BE54-9A1E7A4F7556}") = "DreamTravelDatabase", "..\sample-tale-code-apps\DreamTravel\backend\src\Infrastructure\DreamTravelDatabase\DreamTravelDatabase.csproj", "{98426C33-10DC-42C0-A305-865125AF5A41}"
EndProject
Project("{2150E333-8FDC-42A3-9474-1A3956D46DE8}") = "DreamTravel", "DreamTravel", "{D9E61986-EACB-4DFD-949F-ED2F27DB1F75}"
	ProjectSection(SolutionItems) = preProject
		Directory.Build.props = Directory.Build.props
		..\sample-tale-code-apps\DreamTravel\README.md = ..\sample-tale-code-apps\DreamTravel\README.md
	EndProjectSection
EndProject
Project("{2150E333-8FDC-42A3-9474-1A3956D46DE8}") = "Infrastructure", "Infrastructure", "{6541B884-6E1F-492F-B5CB-1117C78760FE}"
EndProject
Project("{2150E333-8FDC-42A3-9474-1A3956D46DE8}") = "DataLayer", "DataLayer", "{F88D9F2D-E763-4B94-88DC-0EFD21AD8138}"
EndProject
Project("{2150E333-8FDC-42A3-9474-1A3956D46DE8}") = "LogicLayer", "LogicLayer", "{4C7789AA-2CA6-45C2-85B4-398653826B23}"
EndProject
Project("{9A19103F-16F7-4668-BE54-9A1E7A4F7556}") = "SolTechnology.Core.Faker", "SolTechnology.Core.Faker\SolTechnology.Core.Faker.csproj", "{862CF9FB-0A3D-4E7F-8F20-8D6C2243174A}"
EndProject
Project("{2150E333-8FDC-42A3-9474-1A3956D46DE8}") = "zTests", "zTests", "{404A6071-A9F5-4782-A3FB-462DF09FC68A}"
EndProject
Project("{2150E333-8FDC-42A3-9474-1A3956D46DE8}") = "Unit", "Unit", "{FF7E1260-A139-4D69-A1E8-21B66426523A}"
EndProject
Project("{FAE04EC0-301F-11D3-BF4B-00C04F79EFBC}") = "DreamTravel.Component.Tests", "..\sample-tale-code-apps\DreamTravel\backend\tests\FunctionalTests\DreamTravel.Component.Tests.csproj", "{F2D35B6E-86E1-4569-A8AF-C998FE0650E8}"
EndProject
Project("{FAE04EC0-301F-11D3-BF4B-00C04F79EFBC}") = "DreamTravel.Aspire", "..\sample-tale-code-apps\DreamTravel\backend\src\DreamTravel.Aspire\DreamTravel.Aspire.csproj", "{F73014B6-2083-4D6D-8553-937611B44E8B}"
EndProject
Project("{2150E333-8FDC-42A3-9474-1A3956D46DE8}") = "Presentation", "Presentation", "{23026ABA-8995-4B3C-ADDC-0F6D5497518C}"
EndProject
Project("{FAE04EC0-301F-11D3-BF4B-00C04F79EFBC}") = "DreamTravel.ServiceDefaults", "..\sample-tale-code-apps\DreamTravel\backend\src\Presentation\DreamTravel.ServiceDefaults\DreamTravel.ServiceDefaults.csproj", "{D9B2122D-ADDD-46F8-A8DB-29E46B5B1DB3}"
EndProject
Project("{FAE04EC0-301F-11D3-BF4B-00C04F79EFBC}") = "DreamTravel.E2E.Tests", "..\sample-tale-code-apps\DreamTravel\backend\tests\DreamTravel.E2E.Tests\DreamTravel.E2E.Tests.csproj", "{0A374336-0BD6-4792-A413-3CFC373B172B}"
EndProject
Project("{FAE04EC0-301F-11D3-BF4B-00C04F79EFBC}") = "DreamTravel.Trips.GeolocationDataClients", "..\sample-tale-code-apps\DreamTravel\backend\src\DataLayer\DreamTravel.Trips.GeolocationDataClients\DreamTravel.Trips.GeolocationDataClients.csproj", "{E175E3E0-BF27-22F1-B8E8-CF0D591EE2A0}"
EndProject
Project("{FAE04EC0-301F-11D3-BF4B-00C04F79EFBC}") = "DreamTravel.Trips.Sql", "..\sample-tale-code-apps\DreamTravel\backend\src\DataLayer\DreamTravel.Trips.Sql\DreamTravel.Trips.Sql.csproj", "{FF7B9E8E-E20F-F8A2-633E-CA07636D9ED8}"
EndProject
Project("{FAE04EC0-301F-11D3-BF4B-00C04F79EFBC}") = "DreamTravel.Trips.Commands", "..\sample-tale-code-apps\DreamTravel\backend\src\LogicLayer\DreamTravel.Trips.Commands\DreamTravel.Trips.Commands.csproj", "{A0EFA834-0A09-BB91-3448-73AFE7D4803F}"
EndProject
Project("{FAE04EC0-301F-11D3-BF4B-00C04F79EFBC}") = "DreamTravel.Trips.Queries", "..\sample-tale-code-apps\DreamTravel\backend\src\LogicLayer\DreamTravel.Trips.Queries\DreamTravel.Trips.Queries.csproj", "{CE5A7CD9-1F7C-2A35-003E-C72E81ADD2B3}"
EndProject
Project("{FAE04EC0-301F-11D3-BF4B-00C04F79EFBC}") = "DreamTravel.Trips.TravelingSalesmanProblem", "..\sample-tale-code-apps\DreamTravel\backend\src\LogicLayer\DreamTravel.Trips.TravelingSalesmanProblem\DreamTravel.Trips.TravelingSalesmanProblem.csproj", "{792F4677-1066-0D99-DAF3-A324E065428E}"
EndProject
Project("{FAE04EC0-301F-11D3-BF4B-00C04F79EFBC}") = "DreamTravel.Api", "..\sample-tale-code-apps\DreamTravel\backend\src\Presentation\DreamTravel.Api\DreamTravel.Api.csproj", "{FC0661B2-218C-9947-8298-6EE1DC36EEE0}"
EndProject
Project("{FAE04EC0-301F-11D3-BF4B-00C04F79EFBC}") = "DreamTravel.Worker", "..\sample-tale-code-apps\DreamTravel\backend\src\Presentation\DreamTravel.Worker\DreamTravel.Worker.csproj", "{70A16116-A443-72EF-387E-D0F8B03391F0}"
EndProject
Project("{FAE04EC0-301F-11D3-BF4B-00C04F79EFBC}") = "DreamTravel.Trips.Domain", "..\sample-tale-code-apps\DreamTravel\backend\src\DreamTravel.Trips.Domain\DreamTravel.Trips.Domain.csproj", "{B80EB7E3-6C9A-3490-24E6-55BCD7A63C4C}"
EndProject
Project("{FAE04EC0-301F-11D3-BF4B-00C04F79EFBC}") = "DreamTravel.Trips.Commands.UnitTests", "..\sample-tale-code-apps\DreamTravel\backend\tests\Unit\DreamTravel.Trips.Commands.UnitTests\DreamTravel.Trips.Commands.UnitTests.csproj", "{55295F85-9AB8-4DF5-467B-3E679D41F641}"
EndProject
Project("{FAE04EC0-301F-11D3-BF4B-00C04F79EFBC}") = "DreamTravel.Trips.Queries.UnitTests", "..\sample-tale-code-apps\DreamTravel\backend\tests\Unit\DreamTravel.Trips.Queries.UnitTests\DreamTravel.Trips.Queries.UnitTests.csproj", "{E449BE41-4A94-FB91-1715-EB47979DDE9A}"
EndProject
Project("{FAE04EC0-301F-11D3-BF4B-00C04F79EFBC}") = "DreamTravel.Trips.GeolocationDataClients.IntegrationTests", "..\sample-tale-code-apps\DreamTravel\backend\tests\Unit\DreamTravels.Trips.GeolocationData.IntegrationTests\DreamTravel.Trips.GeolocationDataClients.IntegrationTests.csproj", "{BF9813D2-B87C-E4F7-BE75-6F1678648068}"
EndProject
Project("{FAE04EC0-301F-11D3-BF4B-00C04F79EFBC}") = "DreamTravel.Trips.TravelingSalesmanProblem.UnitTests", "..\sample-tale-code-apps\DreamTravel\backend\tests\Unit\DreamTravels.Trips.TravelingSalesmanProblem.UnitTests\DreamTravel.Trips.TravelingSalesmanProblem.UnitTests.csproj", "{34984A0C-9695-DED6-2A8C-AA254F2566BC}"
EndProject
Project("{FAE04EC0-301F-11D3-BF4B-00C04F79EFBC}") = "DreamTravel.GraphDatabase", "..\sample-tale-code-apps\DreamTravel\backend\src\DataLayer\DreamTravel.GraphDatabase\DreamTravel.GraphDatabase.csproj", "{E04EFEC5-2777-491B-90EC-0BE41642189B}"
EndProject
Project("{FAE04EC0-301F-11D3-BF4B-00C04F79EFBC}") = "DreamTravel.Ui", "..\sample-tale-code-apps\DreamTravel\backend\src\Presentation\DreamTravel.Ui\DreamTravel.Ui.csproj", "{F0114AC7-F75F-3673-353D-C6EC03DCFD77}"
EndProject
Project("{FAE04EC0-301F-11D3-BF4B-00C04F79EFBC}") = "SolTechnology.Core.Journey", "SolTechnology.Core.Journey\SolTechnology.Core.Journey.csproj", "{64D916D6-B2DC-4CCD-8D04-D992C2F58236}"
EndProject
Project("{FAE04EC0-301F-11D3-BF4B-00C04F79EFBC}") = "ElsaServer", "..\sample-tale-code-apps\DreamTravel\backend\src\Presentation\ElsaServer\ElsaServer.csproj", "{834A8949-742A-42AA-9C3B-FE70EBB0E6E8}"
EndProject
Project("{FAE04EC0-301F-11D3-BF4B-00C04F79EFBC}") = "DreamTravel.Flows", "..\sample-tale-code-apps\DreamTravel\backend\src\LogicLayer\DreamTravel.Flows\DreamTravel.Flows.csproj", "{B8FFF3C8-43D7-4C65-8CC0-5D6C71EECC85}"
EndProject
Global
	GlobalSection(SolutionConfigurationPlatforms) = preSolution
		Debug|Any CPU = Debug|Any CPU
		Release|Any CPU = Release|Any CPU
	EndGlobalSection
	GlobalSection(ProjectConfigurationPlatforms) = postSolution
		{23F2E390-C71B-4AF0-BEF5-0145E06636FC}.Debug|Any CPU.ActiveCfg = Debug|Any CPU
		{23F2E390-C71B-4AF0-BEF5-0145E06636FC}.Debug|Any CPU.Build.0 = Debug|Any CPU
		{23F2E390-C71B-4AF0-BEF5-0145E06636FC}.Release|Any CPU.ActiveCfg = Release|Any CPU
		{23F2E390-C71B-4AF0-BEF5-0145E06636FC}.Release|Any CPU.Build.0 = Release|Any CPU
		{449152EC-C6F5-4A32-93DB-ADDD172B9E8B}.Debug|Any CPU.ActiveCfg = Debug|Any CPU
		{449152EC-C6F5-4A32-93DB-ADDD172B9E8B}.Debug|Any CPU.Build.0 = Debug|Any CPU
		{449152EC-C6F5-4A32-93DB-ADDD172B9E8B}.Release|Any CPU.ActiveCfg = Release|Any CPU
		{449152EC-C6F5-4A32-93DB-ADDD172B9E8B}.Release|Any CPU.Build.0 = Release|Any CPU
		{EFE93F27-0D9B-411D-AB44-A9D1F6051AFF}.Debug|Any CPU.ActiveCfg = Debug|Any CPU
		{EFE93F27-0D9B-411D-AB44-A9D1F6051AFF}.Debug|Any CPU.Build.0 = Debug|Any CPU
		{EFE93F27-0D9B-411D-AB44-A9D1F6051AFF}.Release|Any CPU.ActiveCfg = Release|Any CPU
		{EFE93F27-0D9B-411D-AB44-A9D1F6051AFF}.Release|Any CPU.Build.0 = Release|Any CPU
		{F1246CF6-259E-43FF-8FAB-C632921E13AC}.Debug|Any CPU.ActiveCfg = Debug|Any CPU
		{F1246CF6-259E-43FF-8FAB-C632921E13AC}.Debug|Any CPU.Build.0 = Debug|Any CPU
		{F1246CF6-259E-43FF-8FAB-C632921E13AC}.Release|Any CPU.ActiveCfg = Release|Any CPU
		{F1246CF6-259E-43FF-8FAB-C632921E13AC}.Release|Any CPU.Build.0 = Release|Any CPU
		{A176409E-DC28-4557-8416-A11C6EE61555}.Debug|Any CPU.ActiveCfg = Debug|Any CPU
		{A176409E-DC28-4557-8416-A11C6EE61555}.Debug|Any CPU.Build.0 = Debug|Any CPU
		{A176409E-DC28-4557-8416-A11C6EE61555}.Release|Any CPU.ActiveCfg = Release|Any CPU
		{A176409E-DC28-4557-8416-A11C6EE61555}.Release|Any CPU.Build.0 = Release|Any CPU
		{9DC0D803-5CCE-41CC-92BE-D5CD1E027CD2}.Debug|Any CPU.ActiveCfg = Debug|Any CPU
		{9DC0D803-5CCE-41CC-92BE-D5CD1E027CD2}.Debug|Any CPU.Build.0 = Debug|Any CPU
		{9DC0D803-5CCE-41CC-92BE-D5CD1E027CD2}.Release|Any CPU.ActiveCfg = Release|Any CPU
		{9DC0D803-5CCE-41CC-92BE-D5CD1E027CD2}.Release|Any CPU.Build.0 = Release|Any CPU
		{86FA2E60-9AED-4FD4-B53D-722CBE8CC2A8}.Debug|Any CPU.ActiveCfg = Debug|Any CPU
		{86FA2E60-9AED-4FD4-B53D-722CBE8CC2A8}.Debug|Any CPU.Build.0 = Debug|Any CPU
		{86FA2E60-9AED-4FD4-B53D-722CBE8CC2A8}.Release|Any CPU.ActiveCfg = Release|Any CPU
		{86FA2E60-9AED-4FD4-B53D-722CBE8CC2A8}.Release|Any CPU.Build.0 = Release|Any CPU
		{9C52A561-F09B-49E2-8F23-4D7C23D46B15}.Debug|Any CPU.ActiveCfg = Debug|Any CPU
		{9C52A561-F09B-49E2-8F23-4D7C23D46B15}.Debug|Any CPU.Build.0 = Debug|Any CPU
		{9C52A561-F09B-49E2-8F23-4D7C23D46B15}.Release|Any CPU.ActiveCfg = Release|Any CPU
		{9C52A561-F09B-49E2-8F23-4D7C23D46B15}.Release|Any CPU.Build.0 = Release|Any CPU
		{585097CE-2CE9-4C8C-9414-EA3BF332B4EF}.Debug|Any CPU.ActiveCfg = Debug|Any CPU
		{585097CE-2CE9-4C8C-9414-EA3BF332B4EF}.Debug|Any CPU.Build.0 = Debug|Any CPU
		{585097CE-2CE9-4C8C-9414-EA3BF332B4EF}.Release|Any CPU.ActiveCfg = Release|Any CPU
		{585097CE-2CE9-4C8C-9414-EA3BF332B4EF}.Release|Any CPU.Build.0 = Release|Any CPU
		{1D000387-BC2D-4F1B-8609-B315112C0013}.Debug|Any CPU.ActiveCfg = Debug|Any CPU
		{1D000387-BC2D-4F1B-8609-B315112C0013}.Debug|Any CPU.Build.0 = Debug|Any CPU
		{1D000387-BC2D-4F1B-8609-B315112C0013}.Release|Any CPU.ActiveCfg = Release|Any CPU
		{1D000387-BC2D-4F1B-8609-B315112C0013}.Release|Any CPU.Build.0 = Release|Any CPU
		{DAD13F76-B679-4752-930A-500AEA68AE79}.Debug|Any CPU.ActiveCfg = Debug|Any CPU
		{DAD13F76-B679-4752-930A-500AEA68AE79}.Debug|Any CPU.Build.0 = Debug|Any CPU
		{DAD13F76-B679-4752-930A-500AEA68AE79}.Release|Any CPU.ActiveCfg = Release|Any CPU
		{DAD13F76-B679-4752-930A-500AEA68AE79}.Release|Any CPU.Build.0 = Release|Any CPU
		{1B034CBE-92B6-4133-8563-CEBD7C642473}.Debug|Any CPU.ActiveCfg = Debug|Any CPU
		{1B034CBE-92B6-4133-8563-CEBD7C642473}.Debug|Any CPU.Build.0 = Debug|Any CPU
		{1B034CBE-92B6-4133-8563-CEBD7C642473}.Release|Any CPU.ActiveCfg = Release|Any CPU
		{1B034CBE-92B6-4133-8563-CEBD7C642473}.Release|Any CPU.Build.0 = Release|Any CPU
		{A6351DF0-8A79-4513-AD2E-DBDCCF6DE568}.Debug|Any CPU.ActiveCfg = Debug|Any CPU
		{A6351DF0-8A79-4513-AD2E-DBDCCF6DE568}.Debug|Any CPU.Build.0 = Debug|Any CPU
		{A6351DF0-8A79-4513-AD2E-DBDCCF6DE568}.Release|Any CPU.ActiveCfg = Release|Any CPU
		{A6351DF0-8A79-4513-AD2E-DBDCCF6DE568}.Release|Any CPU.Build.0 = Release|Any CPU
		{E117AC91-AC0B-4D33-AD6E-A013D858F65F}.Debug|Any CPU.ActiveCfg = Debug|Any CPU
		{E117AC91-AC0B-4D33-AD6E-A013D858F65F}.Debug|Any CPU.Build.0 = Debug|Any CPU
		{E117AC91-AC0B-4D33-AD6E-A013D858F65F}.Release|Any CPU.ActiveCfg = Release|Any CPU
		{E117AC91-AC0B-4D33-AD6E-A013D858F65F}.Release|Any CPU.Build.0 = Release|Any CPU
		{4A8E3915-04CF-4B1D-9DFF-88CD890629EA}.Debug|Any CPU.ActiveCfg = Debug|Any CPU
		{4A8E3915-04CF-4B1D-9DFF-88CD890629EA}.Debug|Any CPU.Build.0 = Debug|Any CPU
		{4A8E3915-04CF-4B1D-9DFF-88CD890629EA}.Release|Any CPU.ActiveCfg = Release|Any CPU
		{4A8E3915-04CF-4B1D-9DFF-88CD890629EA}.Release|Any CPU.Build.0 = Release|Any CPU
		{98426C33-10DC-42C0-A305-865125AF5A41}.Debug|Any CPU.ActiveCfg = Debug|Any CPU
		{98426C33-10DC-42C0-A305-865125AF5A41}.Debug|Any CPU.Build.0 = Debug|Any CPU
		{98426C33-10DC-42C0-A305-865125AF5A41}.Release|Any CPU.ActiveCfg = Release|Any CPU
		{98426C33-10DC-42C0-A305-865125AF5A41}.Release|Any CPU.Build.0 = Release|Any CPU
		{862CF9FB-0A3D-4E7F-8F20-8D6C2243174A}.Debug|Any CPU.ActiveCfg = Debug|Any CPU
		{862CF9FB-0A3D-4E7F-8F20-8D6C2243174A}.Debug|Any CPU.Build.0 = Debug|Any CPU
		{862CF9FB-0A3D-4E7F-8F20-8D6C2243174A}.Release|Any CPU.ActiveCfg = Release|Any CPU
		{862CF9FB-0A3D-4E7F-8F20-8D6C2243174A}.Release|Any CPU.Build.0 = Release|Any CPU
		{F2D35B6E-86E1-4569-A8AF-C998FE0650E8}.Debug|Any CPU.ActiveCfg = Debug|Any CPU
		{F2D35B6E-86E1-4569-A8AF-C998FE0650E8}.Debug|Any CPU.Build.0 = Debug|Any CPU
		{F2D35B6E-86E1-4569-A8AF-C998FE0650E8}.Release|Any CPU.ActiveCfg = Release|Any CPU
		{F2D35B6E-86E1-4569-A8AF-C998FE0650E8}.Release|Any CPU.Build.0 = Release|Any CPU
		{F73014B6-2083-4D6D-8553-937611B44E8B}.Debug|Any CPU.ActiveCfg = Debug|Any CPU
		{F73014B6-2083-4D6D-8553-937611B44E8B}.Debug|Any CPU.Build.0 = Debug|Any CPU
		{F73014B6-2083-4D6D-8553-937611B44E8B}.Release|Any CPU.ActiveCfg = Release|Any CPU
		{F73014B6-2083-4D6D-8553-937611B44E8B}.Release|Any CPU.Build.0 = Release|Any CPU
		{D9B2122D-ADDD-46F8-A8DB-29E46B5B1DB3}.Debug|Any CPU.ActiveCfg = Debug|Any CPU
		{D9B2122D-ADDD-46F8-A8DB-29E46B5B1DB3}.Debug|Any CPU.Build.0 = Debug|Any CPU
		{D9B2122D-ADDD-46F8-A8DB-29E46B5B1DB3}.Release|Any CPU.ActiveCfg = Release|Any CPU
		{D9B2122D-ADDD-46F8-A8DB-29E46B5B1DB3}.Release|Any CPU.Build.0 = Release|Any CPU
		{0A374336-0BD6-4792-A413-3CFC373B172B}.Debug|Any CPU.ActiveCfg = Debug|Any CPU
		{0A374336-0BD6-4792-A413-3CFC373B172B}.Debug|Any CPU.Build.0 = Debug|Any CPU
		{0A374336-0BD6-4792-A413-3CFC373B172B}.Release|Any CPU.ActiveCfg = Release|Any CPU
		{0A374336-0BD6-4792-A413-3CFC373B172B}.Release|Any CPU.Build.0 = Release|Any CPU
		{E175E3E0-BF27-22F1-B8E8-CF0D591EE2A0}.Debug|Any CPU.ActiveCfg = Debug|Any CPU
		{E175E3E0-BF27-22F1-B8E8-CF0D591EE2A0}.Debug|Any CPU.Build.0 = Debug|Any CPU
		{E175E3E0-BF27-22F1-B8E8-CF0D591EE2A0}.Release|Any CPU.ActiveCfg = Release|Any CPU
		{E175E3E0-BF27-22F1-B8E8-CF0D591EE2A0}.Release|Any CPU.Build.0 = Release|Any CPU
		{FF7B9E8E-E20F-F8A2-633E-CA07636D9ED8}.Debug|Any CPU.ActiveCfg = Debug|Any CPU
		{FF7B9E8E-E20F-F8A2-633E-CA07636D9ED8}.Debug|Any CPU.Build.0 = Debug|Any CPU
		{FF7B9E8E-E20F-F8A2-633E-CA07636D9ED8}.Release|Any CPU.ActiveCfg = Release|Any CPU
		{FF7B9E8E-E20F-F8A2-633E-CA07636D9ED8}.Release|Any CPU.Build.0 = Release|Any CPU
		{A0EFA834-0A09-BB91-3448-73AFE7D4803F}.Debug|Any CPU.ActiveCfg = Debug|Any CPU
		{A0EFA834-0A09-BB91-3448-73AFE7D4803F}.Debug|Any CPU.Build.0 = Debug|Any CPU
		{A0EFA834-0A09-BB91-3448-73AFE7D4803F}.Release|Any CPU.ActiveCfg = Release|Any CPU
		{A0EFA834-0A09-BB91-3448-73AFE7D4803F}.Release|Any CPU.Build.0 = Release|Any CPU
		{CE5A7CD9-1F7C-2A35-003E-C72E81ADD2B3}.Debug|Any CPU.ActiveCfg = Debug|Any CPU
		{CE5A7CD9-1F7C-2A35-003E-C72E81ADD2B3}.Debug|Any CPU.Build.0 = Debug|Any CPU
		{CE5A7CD9-1F7C-2A35-003E-C72E81ADD2B3}.Release|Any CPU.ActiveCfg = Release|Any CPU
		{CE5A7CD9-1F7C-2A35-003E-C72E81ADD2B3}.Release|Any CPU.Build.0 = Release|Any CPU
		{792F4677-1066-0D99-DAF3-A324E065428E}.Debug|Any CPU.ActiveCfg = Debug|Any CPU
		{792F4677-1066-0D99-DAF3-A324E065428E}.Debug|Any CPU.Build.0 = Debug|Any CPU
		{792F4677-1066-0D99-DAF3-A324E065428E}.Release|Any CPU.ActiveCfg = Release|Any CPU
		{792F4677-1066-0D99-DAF3-A324E065428E}.Release|Any CPU.Build.0 = Release|Any CPU
		{FC0661B2-218C-9947-8298-6EE1DC36EEE0}.Debug|Any CPU.ActiveCfg = Debug|Any CPU
		{FC0661B2-218C-9947-8298-6EE1DC36EEE0}.Debug|Any CPU.Build.0 = Debug|Any CPU
		{FC0661B2-218C-9947-8298-6EE1DC36EEE0}.Release|Any CPU.ActiveCfg = Release|Any CPU
		{FC0661B2-218C-9947-8298-6EE1DC36EEE0}.Release|Any CPU.Build.0 = Release|Any CPU
		{70A16116-A443-72EF-387E-D0F8B03391F0}.Debug|Any CPU.ActiveCfg = Debug|Any CPU
		{70A16116-A443-72EF-387E-D0F8B03391F0}.Debug|Any CPU.Build.0 = Debug|Any CPU
		{70A16116-A443-72EF-387E-D0F8B03391F0}.Release|Any CPU.ActiveCfg = Release|Any CPU
		{70A16116-A443-72EF-387E-D0F8B03391F0}.Release|Any CPU.Build.0 = Release|Any CPU
		{B80EB7E3-6C9A-3490-24E6-55BCD7A63C4C}.Debug|Any CPU.ActiveCfg = Debug|Any CPU
		{B80EB7E3-6C9A-3490-24E6-55BCD7A63C4C}.Debug|Any CPU.Build.0 = Debug|Any CPU
		{B80EB7E3-6C9A-3490-24E6-55BCD7A63C4C}.Release|Any CPU.ActiveCfg = Release|Any CPU
		{B80EB7E3-6C9A-3490-24E6-55BCD7A63C4C}.Release|Any CPU.Build.0 = Release|Any CPU
		{55295F85-9AB8-4DF5-467B-3E679D41F641}.Debug|Any CPU.ActiveCfg = Debug|Any CPU
		{55295F85-9AB8-4DF5-467B-3E679D41F641}.Debug|Any CPU.Build.0 = Debug|Any CPU
		{55295F85-9AB8-4DF5-467B-3E679D41F641}.Release|Any CPU.ActiveCfg = Release|Any CPU
		{55295F85-9AB8-4DF5-467B-3E679D41F641}.Release|Any CPU.Build.0 = Release|Any CPU
		{E449BE41-4A94-FB91-1715-EB47979DDE9A}.Debug|Any CPU.ActiveCfg = Debug|Any CPU
		{E449BE41-4A94-FB91-1715-EB47979DDE9A}.Debug|Any CPU.Build.0 = Debug|Any CPU
		{E449BE41-4A94-FB91-1715-EB47979DDE9A}.Release|Any CPU.ActiveCfg = Release|Any CPU
		{E449BE41-4A94-FB91-1715-EB47979DDE9A}.Release|Any CPU.Build.0 = Release|Any CPU
		{BF9813D2-B87C-E4F7-BE75-6F1678648068}.Debug|Any CPU.ActiveCfg = Debug|Any CPU
		{BF9813D2-B87C-E4F7-BE75-6F1678648068}.Debug|Any CPU.Build.0 = Debug|Any CPU
		{BF9813D2-B87C-E4F7-BE75-6F1678648068}.Release|Any CPU.ActiveCfg = Release|Any CPU
		{BF9813D2-B87C-E4F7-BE75-6F1678648068}.Release|Any CPU.Build.0 = Release|Any CPU
		{34984A0C-9695-DED6-2A8C-AA254F2566BC}.Debug|Any CPU.ActiveCfg = Debug|Any CPU
		{34984A0C-9695-DED6-2A8C-AA254F2566BC}.Debug|Any CPU.Build.0 = Debug|Any CPU
		{34984A0C-9695-DED6-2A8C-AA254F2566BC}.Release|Any CPU.ActiveCfg = Release|Any CPU
		{34984A0C-9695-DED6-2A8C-AA254F2566BC}.Release|Any CPU.Build.0 = Release|Any CPU
		{E04EFEC5-2777-491B-90EC-0BE41642189B}.Debug|Any CPU.ActiveCfg = Debug|Any CPU
		{E04EFEC5-2777-491B-90EC-0BE41642189B}.Debug|Any CPU.Build.0 = Debug|Any CPU
		{E04EFEC5-2777-491B-90EC-0BE41642189B}.Release|Any CPU.ActiveCfg = Release|Any CPU
		{E04EFEC5-2777-491B-90EC-0BE41642189B}.Release|Any CPU.Build.0 = Release|Any CPU
		{F0114AC7-F75F-3673-353D-C6EC03DCFD77}.Debug|Any CPU.ActiveCfg = Debug|Any CPU
		{F0114AC7-F75F-3673-353D-C6EC03DCFD77}.Debug|Any CPU.Build.0 = Debug|Any CPU
		{F0114AC7-F75F-3673-353D-C6EC03DCFD77}.Release|Any CPU.ActiveCfg = Release|Any CPU
		{F0114AC7-F75F-3673-353D-C6EC03DCFD77}.Release|Any CPU.Build.0 = Release|Any CPU
		{64D916D6-B2DC-4CCD-8D04-D992C2F58236}.Debug|Any CPU.ActiveCfg = Debug|Any CPU
		{64D916D6-B2DC-4CCD-8D04-D992C2F58236}.Debug|Any CPU.Build.0 = Debug|Any CPU
		{64D916D6-B2DC-4CCD-8D04-D992C2F58236}.Release|Any CPU.ActiveCfg = Release|Any CPU
		{64D916D6-B2DC-4CCD-8D04-D992C2F58236}.Release|Any CPU.Build.0 = Release|Any CPU
		{834A8949-742A-42AA-9C3B-FE70EBB0E6E8}.Debug|Any CPU.ActiveCfg = Debug|Any CPU
		{834A8949-742A-42AA-9C3B-FE70EBB0E6E8}.Debug|Any CPU.Build.0 = Debug|Any CPU
		{834A8949-742A-42AA-9C3B-FE70EBB0E6E8}.Release|Any CPU.ActiveCfg = Release|Any CPU
		{834A8949-742A-42AA-9C3B-FE70EBB0E6E8}.Release|Any CPU.Build.0 = Release|Any CPU
		{B8FFF3C8-43D7-4C65-8CC0-5D6C71EECC85}.Debug|Any CPU.ActiveCfg = Debug|Any CPU
		{B8FFF3C8-43D7-4C65-8CC0-5D6C71EECC85}.Debug|Any CPU.Build.0 = Debug|Any CPU
		{B8FFF3C8-43D7-4C65-8CC0-5D6C71EECC85}.Release|Any CPU.ActiveCfg = Release|Any CPU
		{B8FFF3C8-43D7-4C65-8CC0-5D6C71EECC85}.Release|Any CPU.Build.0 = Release|Any CPU
	EndGlobalSection
	GlobalSection(SolutionProperties) = preSolution
		HideSolutionNode = FALSE
	EndGlobalSection
	GlobalSection(NestedProjects) = preSolution
		{A176409E-DC28-4557-8416-A11C6EE61555} = {7EF7950D-4549-43F6-A47C-FDF15CD6D98F}
		{9DC0D803-5CCE-41CC-92BE-D5CD1E027CD2} = {7EF7950D-4549-43F6-A47C-FDF15CD6D98F}
		{86FA2E60-9AED-4FD4-B53D-722CBE8CC2A8} = {7EF7950D-4549-43F6-A47C-FDF15CD6D98F}
		{4A8E3915-04CF-4B1D-9DFF-88CD890629EA} = {6541B884-6E1F-492F-B5CB-1117C78760FE}
		{98426C33-10DC-42C0-A305-865125AF5A41} = {6541B884-6E1F-492F-B5CB-1117C78760FE}
		{D9E61986-EACB-4DFD-949F-ED2F27DB1F75} = {E6D43DFD-5343-47B3-8EFC-72A0F20672B9}
		{6541B884-6E1F-492F-B5CB-1117C78760FE} = {D9E61986-EACB-4DFD-949F-ED2F27DB1F75}
		{F88D9F2D-E763-4B94-88DC-0EFD21AD8138} = {D9E61986-EACB-4DFD-949F-ED2F27DB1F75}
		{4C7789AA-2CA6-45C2-85B4-398653826B23} = {D9E61986-EACB-4DFD-949F-ED2F27DB1F75}
		{404A6071-A9F5-4782-A3FB-462DF09FC68A} = {D9E61986-EACB-4DFD-949F-ED2F27DB1F75}
		{FF7E1260-A139-4D69-A1E8-21B66426523A} = {404A6071-A9F5-4782-A3FB-462DF09FC68A}
		{F2D35B6E-86E1-4569-A8AF-C998FE0650E8} = {404A6071-A9F5-4782-A3FB-462DF09FC68A}
		{F73014B6-2083-4D6D-8553-937611B44E8B} = {D9E61986-EACB-4DFD-949F-ED2F27DB1F75}
		{23026ABA-8995-4B3C-ADDC-0F6D5497518C} = {D9E61986-EACB-4DFD-949F-ED2F27DB1F75}
		{D9B2122D-ADDD-46F8-A8DB-29E46B5B1DB3} = {23026ABA-8995-4B3C-ADDC-0F6D5497518C}
		{0A374336-0BD6-4792-A413-3CFC373B172B} = {404A6071-A9F5-4782-A3FB-462DF09FC68A}
		{E175E3E0-BF27-22F1-B8E8-CF0D591EE2A0} = {F88D9F2D-E763-4B94-88DC-0EFD21AD8138}
		{FF7B9E8E-E20F-F8A2-633E-CA07636D9ED8} = {F88D9F2D-E763-4B94-88DC-0EFD21AD8138}
		{A0EFA834-0A09-BB91-3448-73AFE7D4803F} = {4C7789AA-2CA6-45C2-85B4-398653826B23}
		{CE5A7CD9-1F7C-2A35-003E-C72E81ADD2B3} = {4C7789AA-2CA6-45C2-85B4-398653826B23}
		{792F4677-1066-0D99-DAF3-A324E065428E} = {4C7789AA-2CA6-45C2-85B4-398653826B23}
		{FC0661B2-218C-9947-8298-6EE1DC36EEE0} = {23026ABA-8995-4B3C-ADDC-0F6D5497518C}
		{70A16116-A443-72EF-387E-D0F8B03391F0} = {23026ABA-8995-4B3C-ADDC-0F6D5497518C}
		{B80EB7E3-6C9A-3490-24E6-55BCD7A63C4C} = {D9E61986-EACB-4DFD-949F-ED2F27DB1F75}
		{55295F85-9AB8-4DF5-467B-3E679D41F641} = {FF7E1260-A139-4D69-A1E8-21B66426523A}
		{E449BE41-4A94-FB91-1715-EB47979DDE9A} = {FF7E1260-A139-4D69-A1E8-21B66426523A}
		{BF9813D2-B87C-E4F7-BE75-6F1678648068} = {FF7E1260-A139-4D69-A1E8-21B66426523A}
		{34984A0C-9695-DED6-2A8C-AA254F2566BC} = {FF7E1260-A139-4D69-A1E8-21B66426523A}
		{E04EFEC5-2777-491B-90EC-0BE41642189B} = {F88D9F2D-E763-4B94-88DC-0EFD21AD8138}
		{F0114AC7-F75F-3673-353D-C6EC03DCFD77} = {23026ABA-8995-4B3C-ADDC-0F6D5497518C}
		{834A8949-742A-42AA-9C3B-FE70EBB0E6E8} = {23026ABA-8995-4B3C-ADDC-0F6D5497518C}
		{B8FFF3C8-43D7-4C65-8CC0-5D6C71EECC85} = {4C7789AA-2CA6-45C2-85B4-398653826B23}
	EndGlobalSection
	GlobalSection(ExtensibilityGlobals) = postSolution
		SolutionGuid = {56BC2B7E-7B9F-4B05-951A-C0E3CF0D1287}
	EndGlobalSection
EndGlobal
