
Microsoft Visual Studio Solution File, Format Version 12.00
# Visual Studio Version 17
VisualStudioVersion = 17.0.32014.148
MinimumVisualStudioVersion = 10.0.40219.1
Project("{9A19103F-16F7-4668-BE54-9A1E7A4F7556}") = "SolTechnology.Core.Sql", "SolTechnology.Core.Sql\SolTechnology.Core.Sql.csproj", "{23F2E390-C71B-4AF0-BEF5-0145E06636FC}"
EndProject
Project("{2150E333-8FDC-42A3-9474-1A3956D46DE8}") = "Solution Items", "Solution Items", "{128C9B22-B6C0-4E8B-BFFD-AD007601F4D8}"
	ProjectSection(SolutionItems) = preProject
		.gitignore = .gitignore
		..\.github\workflows\publishPackages.yml = ..\.github\workflows\publishPackages.yml
		..\README.md = ..\README.md
	EndProjectSection
EndProject
Project("{9A19103F-16F7-4668-BE54-9A1E7A4F7556}") = "SolTechnology.Core.BlobStorage", "SolTechnology.Core.BlobStorage\SolTechnology.Core.BlobStorage.csproj", "{449152EC-C6F5-4A32-93DB-ADDD172B9E8B}"
EndProject
Project("{9A19103F-16F7-4668-BE54-9A1E7A4F7556}") = "SolTechnology.Core.ApiClient", "SolTechnology.Core.ApiClient\SolTechnology.Core.ApiClient.csproj", "{EFE93F27-0D9B-411D-AB44-A9D1F6051AFF}"
EndProject
Project("{2150E333-8FDC-42A3-9474-1A3956D46DE8}") = "TaleCode", "TaleCode", "{15E8DC7F-F76A-4151-B0FA-5A3F5D4DCAE6}"
EndProject
Project("{9A19103F-16F7-4668-BE54-9A1E7A4F7556}") = "ApiClients", "..\taleCode\ApiClients\ApiClients.csproj", "{9E260D54-6C20-4ADA-87B8-6635E4964748}"
EndProject
Project("{9A19103F-16F7-4668-BE54-9A1E7A4F7556}") = "BackgroundWorker", "..\taleCode\BackgroundWorker\BackgroundWorker.csproj", "{2289395C-FF89-4BF3-806C-4B1FD93A16E5}"
EndProject
Project("{9A19103F-16F7-4668-BE54-9A1E7A4F7556}") = "BlobData", "..\taleCode\BlobData\BlobData.csproj", "{D95FCD69-EB99-45B9-955D-34D61F7BB8B3}"
EndProject
Project("{9A19103F-16F7-4668-BE54-9A1E7A4F7556}") = "Domain", "..\taleCode\Domain\Domain.csproj", "{DA0EB4EE-0317-4250-A7DB-1011DBB9CBB4}"
EndProject
Project("{9A19103F-16F7-4668-BE54-9A1E7A4F7556}") = "PlayerRegistry.Queries", "..\taleCode\EmployeeManager.Queries\PlayerRegistry.Queries.csproj", "{B99AD9EA-157B-4148-9951-1D41EF4FE75A}"
EndProject
Project("{9A19103F-16F7-4668-BE54-9A1E7A4F7556}") = "PlayerRegistry.Commands", "..\taleCode\EmplyeeContext.Application\PlayerRegistry.Commands.csproj", "{348B5788-58E6-4289-83C2-1AC2BF504ED4}"
EndProject
Project("{9A19103F-16F7-4668-BE54-9A1E7A4F7556}") = "EventListener", "..\taleCode\EventListener\EventListener.csproj", "{09E8060B-03E2-4C64-BD46-2BD88999646F}"
EndProject
Project("{9A19103F-16F7-4668-BE54-9A1E7A4F7556}") = "Infrastructure", "..\taleCode\Infrastructure\Infrastructure.csproj", "{2D037884-D5CF-4364-947A-F41BA46D1DB7}"
EndProject
Project("{9A19103F-16F7-4668-BE54-9A1E7A4F7556}") = "Api", "..\taleCode\SolTechnology.TaleCode.Api\Api.csproj", "{F04206F8-8F71-4B16-9686-7A7D15FBB1E0}"
EndProject
Project("{9A19103F-16F7-4668-BE54-9A1E7A4F7556}") = "SqlData", "..\taleCode\SqlData\SqlData.csproj", "{FD781473-32FC-4F65-95D5-7D269B8631FA}"
EndProject
Project("{2150E333-8FDC-42A3-9474-1A3956D46DE8}") = "PresentationLayer", "PresentationLayer", "{53156430-F3F1-432F-A13F-6F8B486F811F}"
EndProject
Project("{2150E333-8FDC-42A3-9474-1A3956D46DE8}") = "DataLayer", "DataLayer", "{34FBF818-929B-408B-B6BF-FE6355A94DB0}"
EndProject
Project("{2150E333-8FDC-42A3-9474-1A3956D46DE8}") = "LogicLayer", "LogicLayer", "{7BF4DB8D-9C8C-44E9-9D73-CBC102D8FEB3}"
EndProject
Project("{9A19103F-16F7-4668-BE54-9A1E7A4F7556}") = "TaleCodeDatabase", "..\taleCode\TaleCodeDatabase\TaleCodeDatabase.csproj", "{8231F2DF-9BB3-4624-B9CB-8F66826E8272}"
EndProject
Project("{9A19103F-16F7-4668-BE54-9A1E7A4F7556}") = "SolTechnology.Core.Guards", "SolTechnology.Core.Guards\SolTechnology.Core.Guards.csproj", "{F1246CF6-259E-43FF-8FAB-C632921E13AC}"
EndProject
Global
	GlobalSection(SolutionConfigurationPlatforms) = preSolution
		Debug|Any CPU = Debug|Any CPU
		Release|Any CPU = Release|Any CPU
	EndGlobalSection
	GlobalSection(ProjectConfigurationPlatforms) = postSolution
		{23F2E390-C71B-4AF0-BEF5-0145E06636FC}.Debug|Any CPU.ActiveCfg = Debug|Any CPU
		{23F2E390-C71B-4AF0-BEF5-0145E06636FC}.Debug|Any CPU.Build.0 = Debug|Any CPU
		{23F2E390-C71B-4AF0-BEF5-0145E06636FC}.Release|Any CPU.ActiveCfg = Release|Any CPU
		{23F2E390-C71B-4AF0-BEF5-0145E06636FC}.Release|Any CPU.Build.0 = Release|Any CPU
		{449152EC-C6F5-4A32-93DB-ADDD172B9E8B}.Debug|Any CPU.ActiveCfg = Debug|Any CPU
		{449152EC-C6F5-4A32-93DB-ADDD172B9E8B}.Debug|Any CPU.Build.0 = Debug|Any CPU
		{449152EC-C6F5-4A32-93DB-ADDD172B9E8B}.Release|Any CPU.ActiveCfg = Release|Any CPU
		{449152EC-C6F5-4A32-93DB-ADDD172B9E8B}.Release|Any CPU.Build.0 = Release|Any CPU
		{EFE93F27-0D9B-411D-AB44-A9D1F6051AFF}.Debug|Any CPU.ActiveCfg = Debug|Any CPU
		{EFE93F27-0D9B-411D-AB44-A9D1F6051AFF}.Debug|Any CPU.Build.0 = Debug|Any CPU
		{EFE93F27-0D9B-411D-AB44-A9D1F6051AFF}.Release|Any CPU.ActiveCfg = Release|Any CPU
		{EFE93F27-0D9B-411D-AB44-A9D1F6051AFF}.Release|Any CPU.Build.0 = Release|Any CPU
		{9E260D54-6C20-4ADA-87B8-6635E4964748}.Debug|Any CPU.ActiveCfg = Debug|Any CPU
		{9E260D54-6C20-4ADA-87B8-6635E4964748}.Debug|Any CPU.Build.0 = Debug|Any CPU
		{9E260D54-6C20-4ADA-87B8-6635E4964748}.Release|Any CPU.ActiveCfg = Release|Any CPU
		{9E260D54-6C20-4ADA-87B8-6635E4964748}.Release|Any CPU.Build.0 = Release|Any CPU
		{2289395C-FF89-4BF3-806C-4B1FD93A16E5}.Debug|Any CPU.ActiveCfg = Debug|Any CPU
		{2289395C-FF89-4BF3-806C-4B1FD93A16E5}.Debug|Any CPU.Build.0 = Debug|Any CPU
		{2289395C-FF89-4BF3-806C-4B1FD93A16E5}.Release|Any CPU.ActiveCfg = Release|Any CPU
		{2289395C-FF89-4BF3-806C-4B1FD93A16E5}.Release|Any CPU.Build.0 = Release|Any CPU
		{D95FCD69-EB99-45B9-955D-34D61F7BB8B3}.Debug|Any CPU.ActiveCfg = Debug|Any CPU
		{D95FCD69-EB99-45B9-955D-34D61F7BB8B3}.Debug|Any CPU.Build.0 = Debug|Any CPU
		{D95FCD69-EB99-45B9-955D-34D61F7BB8B3}.Release|Any CPU.ActiveCfg = Release|Any CPU
		{D95FCD69-EB99-45B9-955D-34D61F7BB8B3}.Release|Any CPU.Build.0 = Release|Any CPU
		{DA0EB4EE-0317-4250-A7DB-1011DBB9CBB4}.Debug|Any CPU.ActiveCfg = Debug|Any CPU
		{DA0EB4EE-0317-4250-A7DB-1011DBB9CBB4}.Debug|Any CPU.Build.0 = Debug|Any CPU
		{DA0EB4EE-0317-4250-A7DB-1011DBB9CBB4}.Release|Any CPU.ActiveCfg = Release|Any CPU
		{DA0EB4EE-0317-4250-A7DB-1011DBB9CBB4}.Release|Any CPU.Build.0 = Release|Any CPU
		{B99AD9EA-157B-4148-9951-1D41EF4FE75A}.Debug|Any CPU.ActiveCfg = Debug|Any CPU
		{B99AD9EA-157B-4148-9951-1D41EF4FE75A}.Debug|Any CPU.Build.0 = Debug|Any CPU
		{B99AD9EA-157B-4148-9951-1D41EF4FE75A}.Release|Any CPU.ActiveCfg = Release|Any CPU
		{B99AD9EA-157B-4148-9951-1D41EF4FE75A}.Release|Any CPU.Build.0 = Release|Any CPU
		{348B5788-58E6-4289-83C2-1AC2BF504ED4}.Debug|Any CPU.ActiveCfg = Debug|Any CPU
		{348B5788-58E6-4289-83C2-1AC2BF504ED4}.Debug|Any CPU.Build.0 = Debug|Any CPU
		{348B5788-58E6-4289-83C2-1AC2BF504ED4}.Release|Any CPU.ActiveCfg = Release|Any CPU
		{348B5788-58E6-4289-83C2-1AC2BF504ED4}.Release|Any CPU.Build.0 = Release|Any CPU
		{09E8060B-03E2-4C64-BD46-2BD88999646F}.Debug|Any CPU.ActiveCfg = Debug|Any CPU
		{09E8060B-03E2-4C64-BD46-2BD88999646F}.Debug|Any CPU.Build.0 = Debug|Any CPU
		{09E8060B-03E2-4C64-BD46-2BD88999646F}.Release|Any CPU.ActiveCfg = Release|Any CPU
		{09E8060B-03E2-4C64-BD46-2BD88999646F}.Release|Any CPU.Build.0 = Release|Any CPU
		{2D037884-D5CF-4364-947A-F41BA46D1DB7}.Debug|Any CPU.ActiveCfg = Debug|Any CPU
		{2D037884-D5CF-4364-947A-F41BA46D1DB7}.Debug|Any CPU.Build.0 = Debug|Any CPU
		{2D037884-D5CF-4364-947A-F41BA46D1DB7}.Release|Any CPU.ActiveCfg = Release|Any CPU
		{2D037884-D5CF-4364-947A-F41BA46D1DB7}.Release|Any CPU.Build.0 = Release|Any CPU
		{F04206F8-8F71-4B16-9686-7A7D15FBB1E0}.Debug|Any CPU.ActiveCfg = Debug|Any CPU
		{F04206F8-8F71-4B16-9686-7A7D15FBB1E0}.Debug|Any CPU.Build.0 = Debug|Any CPU
		{F04206F8-8F71-4B16-9686-7A7D15FBB1E0}.Release|Any CPU.ActiveCfg = Release|Any CPU
		{F04206F8-8F71-4B16-9686-7A7D15FBB1E0}.Release|Any CPU.Build.0 = Release|Any CPU
		{FD781473-32FC-4F65-95D5-7D269B8631FA}.Debug|Any CPU.ActiveCfg = Debug|Any CPU
		{FD781473-32FC-4F65-95D5-7D269B8631FA}.Debug|Any CPU.Build.0 = Debug|Any CPU
		{FD781473-32FC-4F65-95D5-7D269B8631FA}.Release|Any CPU.ActiveCfg = Release|Any CPU
		{FD781473-32FC-4F65-95D5-7D269B8631FA}.Release|Any CPU.Build.0 = Release|Any CPU
		{8231F2DF-9BB3-4624-B9CB-8F66826E8272}.Debug|Any CPU.ActiveCfg = Debug|Any CPU
		{8231F2DF-9BB3-4624-B9CB-8F66826E8272}.Debug|Any CPU.Build.0 = Debug|Any CPU
		{8231F2DF-9BB3-4624-B9CB-8F66826E8272}.Release|Any CPU.ActiveCfg = Release|Any CPU
		{8231F2DF-9BB3-4624-B9CB-8F66826E8272}.Release|Any CPU.Build.0 = Release|Any CPU
		{F1246CF6-259E-43FF-8FAB-C632921E13AC}.Debug|Any CPU.ActiveCfg = Debug|Any CPU
		{F1246CF6-259E-43FF-8FAB-C632921E13AC}.Debug|Any CPU.Build.0 = Debug|Any CPU
		{F1246CF6-259E-43FF-8FAB-C632921E13AC}.Release|Any CPU.ActiveCfg = Release|Any CPU
		{F1246CF6-259E-43FF-8FAB-C632921E13AC}.Release|Any CPU.Build.0 = Release|Any CPU
	EndGlobalSection
	GlobalSection(SolutionProperties) = preSolution
		HideSolutionNode = FALSE
	EndGlobalSection
	GlobalSection(NestedProjects) = preSolution
		{9E260D54-6C20-4ADA-87B8-6635E4964748} = {34FBF818-929B-408B-B6BF-FE6355A94DB0}
		{2289395C-FF89-4BF3-806C-4B1FD93A16E5} = {53156430-F3F1-432F-A13F-6F8B486F811F}
		{D95FCD69-EB99-45B9-955D-34D61F7BB8B3} = {34FBF818-929B-408B-B6BF-FE6355A94DB0}
		{DA0EB4EE-0317-4250-A7DB-1011DBB9CBB4} = {15E8DC7F-F76A-4151-B0FA-5A3F5D4DCAE6}
		{B99AD9EA-157B-4148-9951-1D41EF4FE75A} = {7BF4DB8D-9C8C-44E9-9D73-CBC102D8FEB3}
		{348B5788-58E6-4289-83C2-1AC2BF504ED4} = {7BF4DB8D-9C8C-44E9-9D73-CBC102D8FEB3}
		{09E8060B-03E2-4C64-BD46-2BD88999646F} = {53156430-F3F1-432F-A13F-6F8B486F811F}
		{2D037884-D5CF-4364-947A-F41BA46D1DB7} = {15E8DC7F-F76A-4151-B0FA-5A3F5D4DCAE6}
		{F04206F8-8F71-4B16-9686-7A7D15FBB1E0} = {53156430-F3F1-432F-A13F-6F8B486F811F}
		{FD781473-32FC-4F65-95D5-7D269B8631FA} = {34FBF818-929B-408B-B6BF-FE6355A94DB0}
		{53156430-F3F1-432F-A13F-6F8B486F811F} = {15E8DC7F-F76A-4151-B0FA-5A3F5D4DCAE6}
		{34FBF818-929B-408B-B6BF-FE6355A94DB0} = {15E8DC7F-F76A-4151-B0FA-5A3F5D4DCAE6}
		{7BF4DB8D-9C8C-44E9-9D73-CBC102D8FEB3} = {15E8DC7F-F76A-4151-B0FA-5A3F5D4DCAE6}
		{8231F2DF-9BB3-4624-B9CB-8F66826E8272} = {15E8DC7F-F76A-4151-B0FA-5A3F5D4DCAE6}
	EndGlobalSection
	GlobalSection(ExtensibilityGlobals) = postSolution
		SolutionGuid = {56BC2B7E-7B9F-4B05-951A-C0E3CF0D1287}
	EndGlobalSection
EndGlobal
