
Microsoft Visual Studio Solution File, Format Version 12.00
# Visual Studio 15
VisualStudioVersion = 15.0.27130.2036
MinimumVisualStudioVersion = 10.0.40219.1
Project("{FAE04EC0-301F-11D3-BF4B-00C04F79EFBC}") = "TSPEngine", "TSPTimeCost\TSPEngine.csproj", "{F73D2686-8B20-4BC7-A743-79633CA2CD0B}"
EndProject
Project("{FAE04EC0-301F-11D3-BF4B-00C04F79EFBC}") = "TSPTimeCostConsole", "TSPTimeCostConsole\TSPTimeCostConsole.csproj", "{A9F40BBA-87CA-4703-9399-5DAE89BEB378}"
EndProject
Project("{9A19103F-16F7-4668-BE54-9A1E7A4F7556}") = "TESWebUI", "TESWebUI\TESWebUI.csproj", "{168BFFED-EC60-4CBE-8948-1633BE6E439A}"
EndProject
Project("{FAE04EC0-301F-11D3-BF4B-00C04F79EFBC}") = "TESWebUITests", "..\tests\TESWebUITests\TESWebUITests.csproj", "{81A9D1C9-0236-4BB7-86E2-0694C4BC7A88}"
	ProjectSection(ProjectDependencies) = postProject
		{168BFFED-EC60-4CBE-8948-1633BE6E439A} = {168BFFED-EC60-4CBE-8948-1633BE6E439A}
	EndProjectSection
EndProject
Global
	GlobalSection(SolutionConfigurationPlatforms) = preSolution
		Debug|Any CPU = Debug|Any CPU
		Release|Any CPU = Release|Any CPU
	EndGlobalSection
	GlobalSection(ProjectConfigurationPlatforms) = postSolution
		{F73D2686-8B20-4BC7-A743-79633CA2CD0B}.Debug|Any CPU.ActiveCfg = Debug|Any CPU
		{F73D2686-8B20-4BC7-A743-79633CA2CD0B}.Debug|Any CPU.Build.0 = Debug|Any CPU
		{F73D2686-8B20-4BC7-A743-79633CA2CD0B}.Release|Any CPU.ActiveCfg = Release|Any CPU
		{F73D2686-8B20-4BC7-A743-79633CA2CD0B}.Release|Any CPU.Build.0 = Release|Any CPU
		{A9F40BBA-87CA-4703-9399-5DAE89BEB378}.Debug|Any CPU.ActiveCfg = Debug|Any CPU
		{A9F40BBA-87CA-4703-9399-5DAE89BEB378}.Debug|Any CPU.Build.0 = Debug|Any CPU
		{A9F40BBA-87CA-4703-9399-5DAE89BEB378}.Release|Any CPU.ActiveCfg = Release|Any CPU
		{A9F40BBA-87CA-4703-9399-5DAE89BEB378}.Release|Any CPU.Build.0 = Release|Any CPU
		{168BFFED-EC60-4CBE-8948-1633BE6E439A}.Debug|Any CPU.ActiveCfg = Debug|Any CPU
		{168BFFED-EC60-4CBE-8948-1633BE6E439A}.Debug|Any CPU.Build.0 = Debug|Any CPU
		{168BFFED-EC60-4CBE-8948-1633BE6E439A}.Release|Any CPU.ActiveCfg = Release|Any CPU
		{168BFFED-EC60-4CBE-8948-1633BE6E439A}.Release|Any CPU.Build.0 = Release|Any CPU
		{81A9D1C9-0236-4BB7-86E2-0694C4BC7A88}.Debug|Any CPU.ActiveCfg = Debug|Any CPU
		{81A9D1C9-0236-4BB7-86E2-0694C4BC7A88}.Debug|Any CPU.Build.0 = Debug|Any CPU
		{81A9D1C9-0236-4BB7-86E2-0694C4BC7A88}.Release|Any CPU.ActiveCfg = Release|Any CPU
		{81A9D1C9-0236-4BB7-86E2-0694C4BC7A88}.Release|Any CPU.Build.0 = Release|Any CPU
	EndGlobalSection
	GlobalSection(SolutionProperties) = preSolution
		HideSolutionNode = FALSE
	EndGlobalSection
	GlobalSection(ExtensibilityGlobals) = postSolution
		SolutionGuid = {00F9DE65-0AAA-464E-9C25-8FC931194B32}
	EndGlobalSection
EndGlobal
