
Microsoft Visual Studio Solution File, Format Version 12.00
# Visual Studio 15
VisualStudioVersion = 15.0.27130.2036
MinimumVisualStudioVersion = 10.0.40219.1
Project("{9A19103F-16F7-4668-BE54-9A1E7A4F7556}") = "TESWebUITests", "..\tests\TESWebUITests\TESWebUITests.csproj", "{81A9D1C9-0236-4BB7-86E2-0694C4BC7A88}"
	ProjectSection(ProjectDependencies) = postProject
		{890C2C9C-DEA5-439C-A3FF-11D88F2DEAB0} = {890C2C9C-DEA5-439C-A3FF-11D88F2DEAB0}
	EndProjectSection
EndProject
Project("{9A19103F-16F7-4668-BE54-9A1E7A4F7556}") = "TravelingSalesmanProblem", "TravelingSalesmanProblem\TravelingSalesmanProblem.csproj", "{890C2C9C-DEA5-439C-A3FF-11D88F2DEAB0}"
EndProject
Project("{2150E333-8FDC-42A3-9474-1A3956D46DE8}") = "Tests", "Tests", "{55867FA2-33B1-48B4-AC03-D2F72DD60441}"
EndProject
Project("{9A19103F-16F7-4668-BE54-9A1E7A4F7556}") = "TravelingSalesmanProblemTests", "..\tests\TravelingSalesmanProblemTests\TravelingSalesmanProblemTests.csproj", "{15E7697D-59D6-426F-A9A9-A3ABA90A070A}"
	ProjectSection(ProjectDependencies) = postProject
		{890C2C9C-DEA5-439C-A3FF-11D88F2DEAB0} = {890C2C9C-DEA5-439C-A3FF-11D88F2DEAB0}
	EndProjectSection
EndProject
Project("{9A19103F-16F7-4668-BE54-9A1E7A4F7556}") = "DreamTravel", "DreamTravel\DreamTravel.csproj", "{BFF2C45F-91A4-46C3-A662-84D4CD390973}"
EndProject
Global
	GlobalSection(SolutionConfigurationPlatforms) = preSolution
		Debug|Any CPU = Debug|Any CPU
		Release|Any CPU = Release|Any CPU
	EndGlobalSection
	GlobalSection(ProjectConfigurationPlatforms) = postSolution
		{81A9D1C9-0236-4BB7-86E2-0694C4BC7A88}.Debug|Any CPU.ActiveCfg = Debug|Any CPU
		{81A9D1C9-0236-4BB7-86E2-0694C4BC7A88}.Debug|Any CPU.Build.0 = Debug|Any CPU
		{81A9D1C9-0236-4BB7-86E2-0694C4BC7A88}.Release|Any CPU.ActiveCfg = Release|Any CPU
		{81A9D1C9-0236-4BB7-86E2-0694C4BC7A88}.Release|Any CPU.Build.0 = Release|Any CPU
		{890C2C9C-DEA5-439C-A3FF-11D88F2DEAB0}.Debug|Any CPU.ActiveCfg = Debug|Any CPU
		{890C2C9C-DEA5-439C-A3FF-11D88F2DEAB0}.Debug|Any CPU.Build.0 = Debug|Any CPU
		{890C2C9C-DEA5-439C-A3FF-11D88F2DEAB0}.Release|Any CPU.ActiveCfg = Release|Any CPU
		{890C2C9C-DEA5-439C-A3FF-11D88F2DEAB0}.Release|Any CPU.Build.0 = Release|Any CPU
		{15E7697D-59D6-426F-A9A9-A3ABA90A070A}.Debug|Any CPU.ActiveCfg = Debug|Any CPU
		{15E7697D-59D6-426F-A9A9-A3ABA90A070A}.Debug|Any CPU.Build.0 = Debug|Any CPU
		{15E7697D-59D6-426F-A9A9-A3ABA90A070A}.Release|Any CPU.ActiveCfg = Release|Any CPU
		{15E7697D-59D6-426F-A9A9-A3ABA90A070A}.Release|Any CPU.Build.0 = Release|Any CPU
		{BFF2C45F-91A4-46C3-A662-84D4CD390973}.Debug|Any CPU.ActiveCfg = Debug|Any CPU
		{BFF2C45F-91A4-46C3-A662-84D4CD390973}.Debug|Any CPU.Build.0 = Debug|Any CPU
		{BFF2C45F-91A4-46C3-A662-84D4CD390973}.Release|Any CPU.ActiveCfg = Release|Any CPU
		{BFF2C45F-91A4-46C3-A662-84D4CD390973}.Release|Any CPU.Build.0 = Release|Any CPU
	EndGlobalSection
	GlobalSection(SolutionProperties) = preSolution
		HideSolutionNode = FALSE
	EndGlobalSection
	GlobalSection(NestedProjects) = preSolution
		{81A9D1C9-0236-4BB7-86E2-0694C4BC7A88} = {55867FA2-33B1-48B4-AC03-D2F72DD60441}
		{15E7697D-59D6-426F-A9A9-A3ABA90A070A} = {55867FA2-33B1-48B4-AC03-D2F72DD60441}
	EndGlobalSection
	GlobalSection(ExtensibilityGlobals) = postSolution
		SolutionGuid = {00F9DE65-0AAA-464E-9C25-8FC931194B32}
	EndGlobalSection
EndGlobal
